<?xml version="1.0" encoding="utf-8"?>
<Project ToolsVersion="15.0" xmlns="http://schemas.microsoft.com/developer/msbuild/2003">
  <ItemGroup>
    <CustomBuild Include="C:\Users\vinay\Music\glfw_3_3_8\buildVS2017\CMakeFiles\e18c32c4da940029f7f31605154be36d\update_mappings.rule">
      <Filter>CMake Rules</Filter>
    </CustomBuild>
    <CustomBuild Include="C:\Users\vinay\Music\glfw_3_3_8\src\CMakeLists.txt" />
  </ItemGroup>
  <ItemGroup>
    <None Include="C:\Users\vinay\Music\glfw_3_3_8\src\mappings.h.in">
      <Filter>Header Files</Filter>
    </None>
    <None Include="C:\Users\vinay\Music\glfw_3_3_8\CMake\GenerateMappings.cmake" />
    <None Include="C:\Users\vinay\Music\glfw_3_3_8\buildVS2017\src\CMakeFiles\update_mappings" />
  </ItemGroup>
  <ItemGroup>
    <Filter Include="CMake Rules">
      <UniqueIdentifier>{EF81610D-82A1-33E6-9C3D-50C146B2F207}</UniqueIdentifier>
    </Filter>
    <Filter Include="Header Files">
      <UniqueIdentifier>{218AD7F9-3446-3260-8BF1-527FCBFDF61F}</UniqueIdentifier>
    </Filter>
  </ItemGroup>
</Project>
