
Microsoft Visual Studio Solution File, Format Version 12.00
# Visual Studio 15
Project("{2150E333-8FDC-42A3-9474-1A3956D46DE8}") = "CMakePredefinedTargets", "CMakePredefinedTargets", "{7269472B-590D-346B-BF2B-6D07B9E603C6}"
EndProject
Project("{2150E333-8FDC-42A3-9474-1A3956D46DE8}") = "GLFW3", "GLFW3", "{B06E536A-6342-3B7A-90E3-23ED4340BA94}"
EndProject
Project("{2150E333-8FDC-42A3-9474-1A3956D46DE8}") = "Examples", "GLFW3\Examples", "{4A2C69BA-C917-30D4-9424-EA27EC71FAA1}"
EndProject
Project("{2150E333-8FDC-42A3-9474-1A3956D46DE8}") = "Tests", "GLFW3\Tests", "{24614700-F245-35E6-9F0A-1B11975B0F39}"
EndProject
Project("{8BC9CEB8-8B4A-11D0-8D11-00A0C91BC942}") = "ALL_BUILD", "ALL_BUILD.vcxproj", "{389FC290-D511-306F-AB16-73BCF14E5124}"
	ProjectSection(ProjectDependencies) = postProject
		{E8FF560A-BA9B-37FB-BED9-8C0C3DA438F6} = {E8FF560A-BA9B-37FB-BED9-8C0C3DA438F6}
		{4C7308C8-DC34-340A-97F2-1D34CC5EEAE8} = {4C7308C8-DC34-340A-97F2-1D34CC5EEAE8}
		{42A66A76-EB6F-3B7D-9593-9B64D8D6D095} = {42A66A76-EB6F-3B7D-9593-9B64D8D6D095}
		{F5CF5038-A2D1-3835-9874-A5B797C49C49} = {F5CF5038-A2D1-3835-9874-A5B797C49C49}
		{10264EC8-F407-38A3-80F7-6A672FEE176A} = {10264EC8-F407-38A3-80F7-6A672FEE176A}
		{CA453062-6DFC-358A-94C0-ECAFDDDFC409} = {CA453062-6DFC-358A-94C0-ECAFDDDFC409}
		{5E29E2AE-5B90-3BEE-AD52-8FB74790D018} = {5E29E2AE-5B90-3BEE-AD52-8FB74790D018}
		{9F963C85-D514-3636-8DC0-EE005670DF08} = {9F963C85-D514-3636-8DC0-EE005670DF08}
		{B404449B-80FE-39EC-96D4-C013FE7E98F4} = {B404449B-80FE-39EC-96D4-C013FE7E98F4}
		{8763C3E1-0ED5-30B2-AF5D-4B2005C2B45A} = {8763C3E1-0ED5-30B2-AF5D-4B2005C2B45A}
		{8585C40B-194C-3A9A-BF90-AF8AF1FE24B2} = {8585C40B-194C-3A9A-BF90-AF8AF1FE24B2}
		{80E9248A-EFA3-30B3-81FF-851183A21672} = {80E9248A-EFA3-30B3-81FF-851183A21672}
		{8DE5D99A-29A5-3279-B88C-02AD764AF88C} = {8DE5D99A-29A5-3279-B88C-02AD764AF88C}
		{A6AD7059-F3A6-3A40-830B-6CF3452461D3} = {A6AD7059-F3A6-3A40-830B-6CF3452461D3}
		{D967E4EF-3D95-3C25-B543-D62BC198CC89} = {D967E4EF-3D95-3C25-B543-D62BC198CC89}
		{6B5AAD50-D1FC-35DC-A002-0AE15AADD2EC} = {6B5AAD50-D1FC-35DC-A002-0AE15AADD2EC}
		{C96FD1F6-1064-375D-9F47-8260006F309D} = {C96FD1F6-1064-375D-9F47-8260006F309D}
		{D027CE4A-6ED2-3F06-B7E5-F86D7A453829} = {D027CE4A-6ED2-3F06-B7E5-F86D7A453829}
		{FB369558-0E4B-34F1-98F4-60972A46DD4D} = {FB369558-0E4B-34F1-98F4-60972A46DD4D}
		{544C0D67-8F08-36F9-BEE4-21123BA93BE3} = {544C0D67-8F08-36F9-BEE4-21123BA93BE3}
		{754A4830-2880-3A6B-B071-9342E050F51A} = {754A4830-2880-3A6B-B071-9342E050F51A}
		{E8387514-B493-3B9C-9871-2D808F5C5668} = {E8387514-B493-3B9C-9871-2D808F5C5668}
		{0F19D65A-8EC4-3169-BC8E-1CEC4B812C51} = {0F19D65A-8EC4-3169-BC8E-1CEC4B812C51}
		{1C01CE0F-E545-35FD-BE42-910F61E2E679} = {1C01CE0F-E545-35FD-BE42-910F61E2E679}
		{96CB3FC3-84E1-346D-94B4-66CC2EF7C4B0} = {96CB3FC3-84E1-346D-94B4-66CC2EF7C4B0}
		{0C371408-A66F-3920-B1F0-479E608D422B} = {0C371408-A66F-3920-B1F0-479E608D422B}
		{279F855F-2923-3569-AC4C-2EA866246230} = {279F855F-2923-3569-AC4C-2EA866246230}
		{F0AD4DE6-6CE9-3469-BA0E-E83E65FD7F86} = {F0AD4DE6-6CE9-3469-BA0E-E83E65FD7F86}
		{78D5B1F6-448C-3EDA-A6B2-CDEA1A81C18A} = {78D5B1F6-448C-3EDA-A6B2-CDEA1A81C18A}
		{18E26AEA-7947-369A-9129-56F608C94639} = {18E26AEA-7947-369A-9129-56F608C94639}
		{B4F708B8-C135-34F3-B50D-4F86D7877E57} = {B4F708B8-C135-34F3-B50D-4F86D7877E57}
	EndProjectSection
EndProject
Project("{8BC9CEB8-8B4A-11D0-8D11-00A0C91BC942}") = "INSTALL", "INSTALL.vcxproj", "{F08453CB-9DB8-37A6-BAE4-7D1E702F7944}"
	ProjectSection(ProjectDependencies) = postProject
		{389FC290-D511-306F-AB16-73BCF14E5124} = {389FC290-D511-306F-AB16-73BCF14E5124}
		{E8FF560A-BA9B-37FB-BED9-8C0C3DA438F6} = {E8FF560A-BA9B-37FB-BED9-8C0C3DA438F6}
	EndProjectSection
EndProject
Project("{8BC9CEB8-8B4A-11D0-8D11-00A0C91BC942}") = "ZERO_CHECK", "ZERO_CHECK.vcxproj", "{E8FF560A-BA9B-37FB-BED9-8C0C3DA438F6}"
	ProjectSection(ProjectDependencies) = postProject
	EndProjectSection
EndProject
Project("{8BC9CEB8-8B4A-11D0-8D11-00A0C91BC942}") = "boing", "examples\boing.vcxproj", "{4C7308C8-DC34-340A-97F2-1D34CC5EEAE8}"
	ProjectSection(ProjectDependencies) = postProject
		{E8FF560A-BA9B-37FB-BED9-8C0C3DA438F6} = {E8FF560A-BA9B-37FB-BED9-8C0C3DA438F6}
		{B404449B-80FE-39EC-96D4-C013FE7E98F4} = {B404449B-80FE-39EC-96D4-C013FE7E98F4}
	EndProjectSection
EndProject
Project("{8BC9CEB8-8B4A-11D0-8D11-00A0C91BC942}") = "clipboard", "tests\clipboard.vcxproj", "{42A66A76-EB6F-3B7D-9593-9B64D8D6D095}"
	ProjectSection(ProjectDependencies) = postProject
		{E8FF560A-BA9B-37FB-BED9-8C0C3DA438F6} = {E8FF560A-BA9B-37FB-BED9-8C0C3DA438F6}
		{B404449B-80FE-39EC-96D4-C013FE7E98F4} = {B404449B-80FE-39EC-96D4-C013FE7E98F4}
	EndProjectSection
EndProject
Project("{8BC9CEB8-8B4A-11D0-8D11-00A0C91BC942}") = "cursor", "tests\cursor.vcxproj", "{F5CF5038-A2D1-3835-9874-A5B797C49C49}"
	ProjectSection(ProjectDependencies) = postProject
		{E8FF560A-BA9B-37FB-BED9-8C0C3DA438F6} = {E8FF560A-BA9B-37FB-BED9-8C0C3DA438F6}
		{B404449B-80FE-39EC-96D4-C013FE7E98F4} = {B404449B-80FE-39EC-96D4-C013FE7E98F4}
	EndProjectSection
EndProject
Project("{8BC9CEB8-8B4A-11D0-8D11-00A0C91BC942}") = "empty", "tests\empty.vcxproj", "{10264EC8-F407-38A3-80F7-6A672FEE176A}"
	ProjectSection(ProjectDependencies) = postProject
		{E8FF560A-BA9B-37FB-BED9-8C0C3DA438F6} = {E8FF560A-BA9B-37FB-BED9-8C0C3DA438F6}
		{B404449B-80FE-39EC-96D4-C013FE7E98F4} = {B404449B-80FE-39EC-96D4-C013FE7E98F4}
	EndProjectSection
EndProject
Project("{8BC9CEB8-8B4A-11D0-8D11-00A0C91BC942}") = "events", "tests\events.vcxproj", "{CA453062-6DFC-358A-94C0-ECAFDDDFC409}"
	ProjectSection(ProjectDependencies) = postProject
		{E8FF560A-BA9B-37FB-BED9-8C0C3DA438F6} = {E8FF560A-BA9B-37FB-BED9-8C0C3DA438F6}
		{B404449B-80FE-39EC-96D4-C013FE7E98F4} = {B404449B-80FE-39EC-96D4-C013FE7E98F4}
	EndProjectSection
EndProject
Project("{8BC9CEB8-8B4A-11D0-8D11-00A0C91BC942}") = "gamma", "tests\gamma.vcxproj", "{5E29E2AE-5B90-3BEE-AD52-8FB74790D018}"
	ProjectSection(ProjectDependencies) = postProject
		{E8FF560A-BA9B-37FB-BED9-8C0C3DA438F6} = {E8FF560A-BA9B-37FB-BED9-8C0C3DA438F6}
		{B404449B-80FE-39EC-96D4-C013FE7E98F4} = {B404449B-80FE-39EC-96D4-C013FE7E98F4}
	EndProjectSection
EndProject
Project("{8BC9CEB8-8B4A-11D0-8D11-00A0C91BC942}") = "gears", "examples\gears.vcxproj", "{9F963C85-D514-3636-8DC0-EE005670DF08}"
	ProjectSection(ProjectDependencies) = postProject
		{E8FF560A-BA9B-37FB-BED9-8C0C3DA438F6} = {E8FF560A-BA9B-37FB-BED9-8C0C3DA438F6}
		{B404449B-80FE-39EC-96D4-C013FE7E98F4} = {B404449B-80FE-39EC-96D4-C013FE7E98F4}
	EndProjectSection
EndProject
Project("{8BC9CEB8-8B4A-11D0-8D11-00A0C91BC942}") = "glfw", "src\glfw.vcxproj", "{B404449B-80FE-39EC-96D4-C013FE7E98F4}"
	ProjectSection(ProjectDependencies) = postProject
		{E8FF560A-BA9B-37FB-BED9-8C0C3DA438F6} = {E8FF560A-BA9B-37FB-BED9-8C0C3DA438F6}
	EndProjectSection
EndProject
Project("{8BC9CEB8-8B4A-11D0-8D11-00A0C91BC942}") = "glfwinfo", "tests\glfwinfo.vcxproj", "{8763C3E1-0ED5-30B2-AF5D-4B2005C2B45A}"
	ProjectSection(ProjectDependencies) = postProject
		{E8FF560A-BA9B-37FB-BED9-8C0C3DA438F6} = {E8FF560A-BA9B-37FB-BED9-8C0C3DA438F6}
		{B404449B-80FE-39EC-96D4-C013FE7E98F4} = {B404449B-80FE-39EC-96D4-C013FE7E98F4}
	EndProjectSection
EndProject
Project("{8BC9CEB8-8B4A-11D0-8D11-00A0C91BC942}") = "heightmap", "examples\heightmap.vcxproj", "{8585C40B-194C-3A9A-BF90-AF8AF1FE24B2}"
	ProjectSection(ProjectDependencies) = postProject
		{E8FF560A-BA9B-37FB-BED9-8C0C3DA438F6} = {E8FF560A-BA9B-37FB-BED9-8C0C3DA438F6}
		{B404449B-80FE-39EC-96D4-C013FE7E98F4} = {B404449B-80FE-39EC-96D4-C013FE7E98F4}
	EndProjectSection
EndProject
Project("{8BC9CEB8-8B4A-11D0-8D11-00A0C91BC942}") = "icon", "tests\icon.vcxproj", "{80E9248A-EFA3-30B3-81FF-851183A21672}"
	ProjectSection(ProjectDependencies) = postProject
		{E8FF560A-BA9B-37FB-BED9-8C0C3DA438F6} = {E8FF560A-BA9B-37FB-BED9-8C0C3DA438F6}
		{B404449B-80FE-39EC-96D4-C013FE7E98F4} = {B404449B-80FE-39EC-96D4-C013FE7E98F4}
	EndProjectSection
EndProject
Project("{8BC9CEB8-8B4A-11D0-8D11-00A0C91BC942}") = "iconify", "tests\iconify.vcxproj", "{8DE5D99A-29A5-3279-B88C-02AD764AF88C}"
	ProjectSection(ProjectDependencies) = postProject
		{E8FF560A-BA9B-37FB-BED9-8C0C3DA438F6} = {E8FF560A-BA9B-37FB-BED9-8C0C3DA438F6}
		{B404449B-80FE-39EC-96D4-C013FE7E98F4} = {B404449B-80FE-39EC-96D4-C013FE7E98F4}
	EndProjectSection
EndProject
Project("{8BC9CEB8-8B4A-11D0-8D11-00A0C91BC942}") = "inputlag", "tests\inputlag.vcxproj", "{A6AD7059-F3A6-3A40-830B-6CF3452461D3}"
	ProjectSection(ProjectDependencies) = postProject
		{E8FF560A-BA9B-37FB-BED9-8C0C3DA438F6} = {E8FF560A-BA9B-37FB-BED9-8C0C3DA438F6}
		{B404449B-80FE-39EC-96D4-C013FE7E98F4} = {B404449B-80FE-39EC-96D4-C013FE7E98F4}
	EndProjectSection
EndProject
Project("{8BC9CEB8-8B4A-11D0-8D11-00A0C91BC942}") = "joysticks", "tests\joysticks.vcxproj", "{D967E4EF-3D95-3C25-B543-D62BC198CC89}"
	ProjectSection(ProjectDependencies) = postProject
		{E8FF560A-BA9B-37FB-BED9-8C0C3DA438F6} = {E8FF560A-BA9B-37FB-BED9-8C0C3DA438F6}
		{B404449B-80FE-39EC-96D4-C013FE7E98F4} = {B404449B-80FE-39EC-96D4-C013FE7E98F4}
	EndProjectSection
EndProject
Project("{8BC9CEB8-8B4A-11D0-8D11-00A0C91BC942}") = "monitors", "tests\monitors.vcxproj", "{6B5AAD50-D1FC-35DC-A002-0AE15AADD2EC}"
	ProjectSection(ProjectDependencies) = postProject
		{E8FF560A-BA9B-37FB-BED9-8C0C3DA438F6} = {E8FF560A-BA9B-37FB-BED9-8C0C3DA438F6}
		{B404449B-80FE-39EC-96D4-C013FE7E98F4} = {B404449B-80FE-39EC-96D4-C013FE7E98F4}
	EndProjectSection
EndProject
Project("{8BC9CEB8-8B4A-11D0-8D11-00A0C91BC942}") = "msaa", "tests\msaa.vcxproj", "{C96FD1F6-1064-375D-9F47-8260006F309D}"
	ProjectSection(ProjectDependencies) = postProject
		{E8FF560A-BA9B-37FB-BED9-8C0C3DA438F6} = {E8FF560A-BA9B-37FB-BED9-8C0C3DA438F6}
		{B404449B-80FE-39EC-96D4-C013FE7E98F4} = {B404449B-80FE-39EC-96D4-C013FE7E98F4}
	EndProjectSection
EndProject
Project("{8BC9CEB8-8B4A-11D0-8D11-00A0C91BC942}") = "offscreen", "examples\offscreen.vcxproj", "{D027CE4A-6ED2-3F06-B7E5-F86D7A453829}"
	ProjectSection(ProjectDependencies) = postProject
		{E8FF560A-BA9B-37FB-BED9-8C0C3DA438F6} = {E8FF560A-BA9B-37FB-BED9-8C0C3DA438F6}
		{B404449B-80FE-39EC-96D4-C013FE7E98F4} = {B404449B-80FE-39EC-96D4-C013FE7E98F4}
	EndProjectSection
EndProject
Project("{8BC9CEB8-8B4A-11D0-8D11-00A0C91BC942}") = "opacity", "tests\opacity.vcxproj", "{FB369558-0E4B-34F1-98F4-60972A46DD4D}"
	ProjectSection(ProjectDependencies) = postProject
		{E8FF560A-BA9B-37FB-BED9-8C0C3DA438F6} = {E8FF560A-BA9B-37FB-BED9-8C0C3DA438F6}
		{B404449B-80FE-39EC-96D4-C013FE7E98F4} = {B404449B-80FE-39EC-96D4-C013FE7E98F4}
	EndProjectSection
EndProject
Project("{8BC9CEB8-8B4A-11D0-8D11-00A0C91BC942}") = "particles", "examples\particles.vcxproj", "{544C0D67-8F08-36F9-BEE4-21123BA93BE3}"
	ProjectSection(ProjectDependencies) = postProject
		{E8FF560A-BA9B-37FB-BED9-8C0C3DA438F6} = {E8FF560A-BA9B-37FB-BED9-8C0C3DA438F6}
		{B404449B-80FE-39EC-96D4-C013FE7E98F4} = {B404449B-80FE-39EC-96D4-C013FE7E98F4}
	EndProjectSection
EndProject
Project("{8BC9CEB8-8B4A-11D0-8D11-00A0C91BC942}") = "reopen", "tests\reopen.vcxproj", "{754A4830-2880-3A6B-B071-9342E050F51A}"
	ProjectSection(ProjectDependencies) = postProject
		{E8FF560A-BA9B-37FB-BED9-8C0C3DA438F6} = {E8FF560A-BA9B-37FB-BED9-8C0C3DA438F6}
		{B404449B-80FE-39EC-96D4-C013FE7E98F4} = {B404449B-80FE-39EC-96D4-C013FE7E98F4}
	EndProjectSection
EndProject
Project("{8BC9CEB8-8B4A-11D0-8D11-00A0C91BC942}") = "sharing", "examples\sharing.vcxproj", "{E8387514-B493-3B9C-9871-2D808F5C5668}"
	ProjectSection(ProjectDependencies) = postProject
		{E8FF560A-BA9B-37FB-BED9-8C0C3DA438F6} = {E8FF560A-BA9B-37FB-BED9-8C0C3DA438F6}
		{B404449B-80FE-39EC-96D4-C013FE7E98F4} = {B404449B-80FE-39EC-96D4-C013FE7E98F4}
	EndProjectSection
EndProject
Project("{8BC9CEB8-8B4A-11D0-8D11-00A0C91BC942}") = "simple", "examples\simple.vcxproj", "{0F19D65A-8EC4-3169-BC8E-1CEC4B812C51}"
	ProjectSection(ProjectDependencies) = postProject
		{E8FF560A-BA9B-37FB-BED9-8C0C3DA438F6} = {E8FF560A-BA9B-37FB-BED9-8C0C3DA438F6}
		{B404449B-80FE-39EC-96D4-C013FE7E98F4} = {B404449B-80FE-39EC-96D4-C013FE7E98F4}
	EndProjectSection
EndProject
Project("{8BC9CEB8-8B4A-11D0-8D11-00A0C91BC942}") = "splitview", "examples\splitview.vcxproj", "{1C01CE0F-E545-35FD-BE42-910F61E2E679}"
	ProjectSection(ProjectDependencies) = postProject
		{E8FF560A-BA9B-37FB-BED9-8C0C3DA438F6} = {E8FF560A-BA9B-37FB-BED9-8C0C3DA438F6}
		{B404449B-80FE-39EC-96D4-C013FE7E98F4} = {B404449B-80FE-39EC-96D4-C013FE7E98F4}
	EndProjectSection
EndProject
Project("{8BC9CEB8-8B4A-11D0-8D11-00A0C91BC942}") = "tearing", "tests\tearing.vcxproj", "{96CB3FC3-84E1-346D-94B4-66CC2EF7C4B0}"
	ProjectSection(ProjectDependencies) = postProject
		{E8FF560A-BA9B-37FB-BED9-8C0C3DA438F6} = {E8FF560A-BA9B-37FB-BED9-8C0C3DA438F6}
		{B404449B-80FE-39EC-96D4-C013FE7E98F4} = {B404449B-80FE-39EC-96D4-C013FE7E98F4}
	EndProjectSection
EndProject
Project("{8BC9CEB8-8B4A-11D0-8D11-00A0C91BC942}") = "threads", "tests\threads.vcxproj", "{0C371408-A66F-3920-B1F0-479E608D422B}"
	ProjectSection(ProjectDependencies) = postProject
		{E8FF560A-BA9B-37FB-BED9-8C0C3DA438F6} = {E8FF560A-BA9B-37FB-BED9-8C0C3DA438F6}
		{B404449B-80FE-39EC-96D4-C013FE7E98F4} = {B404449B-80FE-39EC-96D4-C013FE7E98F4}
	EndProjectSection
EndProject
Project("{8BC9CEB8-8B4A-11D0-8D11-00A0C91BC942}") = "timeout", "tests\timeout.vcxproj", "{279F855F-2923-3569-AC4C-2EA866246230}"
	ProjectSection(ProjectDependencies) = postProject
		{E8FF560A-BA9B-37FB-BED9-8C0C3DA438F6} = {E8FF560A-BA9B-37FB-BED9-8C0C3DA438F6}
		{B404449B-80FE-39EC-96D4-C013FE7E98F4} = {B404449B-80FE-39EC-96D4-C013FE7E98F4}
	EndProjectSection
EndProject
Project("{8BC9CEB8-8B4A-11D0-8D11-00A0C91BC942}") = "title", "tests\title.vcxproj", "{F0AD4DE6-6CE9-3469-BA0E-E83E65FD7F86}"
	ProjectSection(ProjectDependencies) = postProject
		{E8FF560A-BA9B-37FB-BED9-8C0C3DA438F6} = {E8FF560A-BA9B-37FB-BED9-8C0C3DA438F6}
		{B404449B-80FE-39EC-96D4-C013FE7E98F4} = {B404449B-80FE-39EC-96D4-C013FE7E98F4}
	EndProjectSection
EndProject
Project("{8BC9CEB8-8B4A-11D0-8D11-00A0C91BC942}") = "triangle-vulkan", "tests\triangle-vulkan.vcxproj", "{78D5B1F6-448C-3EDA-A6B2-CDEA1A81C18A}"
	ProjectSection(ProjectDependencies) = postProject
		{E8FF560A-BA9B-37FB-BED9-8C0C3DA438F6} = {E8FF560A-BA9B-37FB-BED9-8C0C3DA438F6}
		{B404449B-80FE-39EC-96D4-C013FE7E98F4} = {B404449B-80FE-39EC-96D4-C013FE7E98F4}
	EndProjectSection
EndProject
Project("{8BC9CEB8-8B4A-11D0-8D11-00A0C91BC942}") = "uninstall", "uninstall.vcxproj", "{02A753E6-1F66-38A1-A4A9-3592FCB767D7}"
	ProjectSection(ProjectDependencies) = postProject
		{E8FF560A-BA9B-37FB-BED9-8C0C3DA438F6} = {E8FF560A-BA9B-37FB-BED9-8C0C3DA438F6}
	EndProjectSection
EndProject
Project("{8BC9CEB8-8B4A-11D0-8D11-00A0C91BC942}") = "update_mappings", "src\update_mappings.vcxproj", "{BC3E5FAD-20AB-34A3-AFC2-B30D42363EE2}"
	ProjectSection(ProjectDependencies) = postProject
		{E8FF560A-BA9B-37FB-BED9-8C0C3DA438F6} = {E8FF560A-BA9B-37FB-BED9-8C0C3DA438F6}
	EndProjectSection
EndProject
Project("{8BC9CEB8-8B4A-11D0-8D11-00A0C91BC942}") = "wave", "examples\wave.vcxproj", "{18E26AEA-7947-369A-9129-56F608C94639}"
	ProjectSection(ProjectDependencies) = postProject
		{E8FF560A-BA9B-37FB-BED9-8C0C3DA438F6} = {E8FF560A-BA9B-37FB-BED9-8C0C3DA438F6}
		{B404449B-80FE-39EC-96D4-C013FE7E98F4} = {B404449B-80FE-39EC-96D4-C013FE7E98F4}
	EndProjectSection
EndProject
Project("{8BC9CEB8-8B4A-11D0-8D11-00A0C91BC942}") = "windows", "tests\windows.vcxproj", "{B4F708B8-C135-34F3-B50D-4F86D7877E57}"
	ProjectSection(ProjectDependencies) = postProject
		{E8FF560A-BA9B-37FB-BED9-8C0C3DA438F6} = {E8FF560A-BA9B-37FB-BED9-8C0C3DA438F6}
		{B404449B-80FE-39EC-96D4-C013FE7E98F4} = {B404449B-80FE-39EC-96D4-C013FE7E98F4}
	EndProjectSection
EndProject
Global
	GlobalSection(SolutionConfigurationPlatforms) = preSolution
		Debug|Win32 = Debug|Win32
		Release|Win32 = Release|Win32
		MinSizeRel|Win32 = MinSizeRel|Win32
		RelWithDebInfo|Win32 = RelWithDebInfo|Win32
	EndGlobalSection
	GlobalSection(ProjectConfigurationPlatforms) = postSolution
		{389FC290-D511-306F-AB16-73BCF14E5124}.Debug|Win32.ActiveCfg = Debug|Win32
		{389FC290-D511-306F-AB16-73BCF14E5124}.Debug|Win32.Build.0 = Debug|Win32
		{389FC290-D511-306F-AB16-73BCF14E5124}.Release|Win32.ActiveCfg = Release|Win32
		{389FC290-D511-306F-AB16-73BCF14E5124}.Release|Win32.Build.0 = Release|Win32
		{389FC290-D511-306F-AB16-73BCF14E5124}.MinSizeRel|Win32.ActiveCfg = MinSizeRel|Win32
		{389FC290-D511-306F-AB16-73BCF14E5124}.MinSizeRel|Win32.Build.0 = MinSizeRel|Win32
		{389FC290-D511-306F-AB16-73BCF14E5124}.RelWithDebInfo|Win32.ActiveCfg = RelWithDebInfo|Win32
		{389FC290-D511-306F-AB16-73BCF14E5124}.RelWithDebInfo|Win32.Build.0 = RelWithDebInfo|Win32
		{F08453CB-9DB8-37A6-BAE4-7D1E702F7944}.Debug|Win32.ActiveCfg = Debug|Win32
		{F08453CB-9DB8-37A6-BAE4-7D1E702F7944}.Release|Win32.ActiveCfg = Release|Win32
		{F08453CB-9DB8-37A6-BAE4-7D1E702F7944}.MinSizeRel|Win32.ActiveCfg = MinSizeRel|Win32
		{F08453CB-9DB8-37A6-BAE4-7D1E702F7944}.RelWithDebInfo|Win32.ActiveCfg = RelWithDebInfo|Win32
		{E8FF560A-BA9B-37FB-BED9-8C0C3DA438F6}.Debug|Win32.ActiveCfg = Debug|Win32
		{E8FF560A-BA9B-37FB-BED9-8C0C3DA438F6}.Debug|Win32.Build.0 = Debug|Win32
		{E8FF560A-BA9B-37FB-BED9-8C0C3DA438F6}.Release|Win32.ActiveCfg = Release|Win32
		{E8FF560A-BA9B-37FB-BED9-8C0C3DA438F6}.Release|Win32.Build.0 = Release|Win32
		{E8FF560A-BA9B-37FB-BED9-8C0C3DA438F6}.MinSizeRel|Win32.ActiveCfg = MinSizeRel|Win32
		{E8FF560A-BA9B-37FB-BED9-8C0C3DA438F6}.MinSizeRel|Win32.Build.0 = MinSizeRel|Win32
		{E8FF560A-BA9B-37FB-BED9-8C0C3DA438F6}.RelWithDebInfo|Win32.ActiveCfg = RelWithDebInfo|Win32
		{E8FF560A-BA9B-37FB-BED9-8C0C3DA438F6}.RelWithDebInfo|Win32.Build.0 = RelWithDebInfo|Win32
		{4C7308C8-DC34-340A-97F2-1D34CC5EEAE8}.Debug|Win32.ActiveCfg = Debug|Win32
		{4C7308C8-DC34-340A-97F2-1D34CC5EEAE8}.Debug|Win32.Build.0 = Debug|Win32
		{4C7308C8-DC34-340A-97F2-1D34CC5EEAE8}.Release|Win32.ActiveCfg = Release|Win32
		{4C7308C8-DC34-340A-97F2-1D34CC5EEAE8}.Release|Win32.Build.0 = Release|Win32
		{4C7308C8-DC34-340A-97F2-1D34CC5EEAE8}.MinSizeRel|Win32.ActiveCfg = MinSizeRel|Win32
		{4C7308C8-DC34-340A-97F2-1D34CC5EEAE8}.MinSizeRel|Win32.Build.0 = MinSizeRel|Win32
		{4C7308C8-DC34-340A-97F2-1D34CC5EEAE8}.RelWithDebInfo|Win32.ActiveCfg = RelWithDebInfo|Win32
		{4C7308C8-DC34-340A-97F2-1D34CC5EEAE8}.RelWithDebInfo|Win32.Build.0 = RelWithDebInfo|Win32
		{42A66A76-EB6F-3B7D-9593-9B64D8D6D095}.Debug|Win32.ActiveCfg = Debug|Win32
		{42A66A76-EB6F-3B7D-9593-9B64D8D6D095}.Debug|Win32.Build.0 = Debug|Win32
		{42A66A76-EB6F-3B7D-9593-9B64D8D6D095}.Release|Win32.ActiveCfg = Release|Win32
		{42A66A76-EB6F-3B7D-9593-9B64D8D6D095}.Release|Win32.Build.0 = Release|Win32
		{42A66A76-EB6F-3B7D-9593-9B64D8D6D095}.MinSizeRel|Win32.ActiveCfg = MinSizeRel|Win32
		{42A66A76-EB6F-3B7D-9593-9B64D8D6D095}.MinSizeRel|Win32.Build.0 = MinSizeRel|Win32
		{42A66A76-EB6F-3B7D-9593-9B64D8D6D095}.RelWithDebInfo|Win32.ActiveCfg = RelWithDebInfo|Win32
		{42A66A76-EB6F-3B7D-9593-9B64D8D6D095}.RelWithDebInfo|Win32.Build.0 = RelWithDebInfo|Win32
		{F5CF5038-A2D1-3835-9874-A5B797C49C49}.Debug|Win32.ActiveCfg = Debug|Win32
		{F5CF5038-A2D1-3835-9874-A5B797C49C49}.Debug|Win32.Build.0 = Debug|Win32
		{F5CF5038-A2D1-3835-9874-A5B797C49C49}.Release|Win32.ActiveCfg = Release|Win32
		{F5CF5038-A2D1-3835-9874-A5B797C49C49}.Release|Win32.Build.0 = Release|Win32
		{F5CF5038-A2D1-3835-9874-A5B797C49C49}.MinSizeRel|Win32.ActiveCfg = MinSizeRel|Win32
		{F5CF5038-A2D1-3835-9874-A5B797C49C49}.MinSizeRel|Win32.Build.0 = MinSizeRel|Win32
		{F5CF5038-A2D1-3835-9874-A5B797C49C49}.RelWithDebInfo|Win32.ActiveCfg = RelWithDebInfo|Win32
		{F5CF5038-A2D1-3835-9874-A5B797C49C49}.RelWithDebInfo|Win32.Build.0 = RelWithDebInfo|Win32
		{10264EC8-F407-38A3-80F7-6A672FEE176A}.Debug|Win32.ActiveCfg = Debug|Win32
		{10264EC8-F407-38A3-80F7-6A672FEE176A}.Debug|Win32.Build.0 = Debug|Win32
		{10264EC8-F407-38A3-80F7-6A672FEE176A}.Release|Win32.ActiveCfg = Release|Win32
		{10264EC8-F407-38A3-80F7-6A672FEE176A}.Release|Win32.Build.0 = Release|Win32
		{10264EC8-F407-38A3-80F7-6A672FEE176A}.MinSizeRel|Win32.ActiveCfg = MinSizeRel|Win32
		{10264EC8-F407-38A3-80F7-6A672FEE176A}.MinSizeRel|Win32.Build.0 = MinSizeRel|Win32
		{10264EC8-F407-38A3-80F7-6A672FEE176A}.RelWithDebInfo|Win32.ActiveCfg = RelWithDebInfo|Win32
		{10264EC8-F407-38A3-80F7-6A672FEE176A}.RelWithDebInfo|Win32.Build.0 = RelWithDebInfo|Win32
		{CA453062-6DFC-358A-94C0-ECAFDDDFC409}.Debug|Win32.ActiveCfg = Debug|Win32
		{CA453062-6DFC-358A-94C0-ECAFDDDFC409}.Debug|Win32.Build.0 = Debug|Win32
		{CA453062-6DFC-358A-94C0-ECAFDDDFC409}.Release|Win32.ActiveCfg = Release|Win32
		{CA453062-6DFC-358A-94C0-ECAFDDDFC409}.Release|Win32.Build.0 = Release|Win32
		{CA453062-6DFC-358A-94C0-ECAFDDDFC409}.MinSizeRel|Win32.ActiveCfg = MinSizeRel|Win32
		{CA453062-6DFC-358A-94C0-ECAFDDDFC409}.MinSizeRel|Win32.Build.0 = MinSizeRel|Win32
		{CA453062-6DFC-358A-94C0-ECAFDDDFC409}.RelWithDebInfo|Win32.ActiveCfg = RelWithDebInfo|Win32
		{CA453062-6DFC-358A-94C0-ECAFDDDFC409}.RelWithDebInfo|Win32.Build.0 = RelWithDebInfo|Win32
		{5E29E2AE-5B90-3BEE-AD52-8FB74790D018}.Debug|Win32.ActiveCfg = Debug|Win32
		{5E29E2AE-5B90-3BEE-AD52-8FB74790D018}.Debug|Win32.Build.0 = Debug|Win32
		{5E29E2AE-5B90-3BEE-AD52-8FB74790D018}.Release|Win32.ActiveCfg = Release|Win32
		{5E29E2AE-5B90-3BEE-AD52-8FB74790D018}.Release|Win32.Build.0 = Release|Win32
		{5E29E2AE-5B90-3BEE-AD52-8FB74790D018}.MinSizeRel|Win32.ActiveCfg = MinSizeRel|Win32
		{5E29E2AE-5B90-3BEE-AD52-8FB74790D018}.MinSizeRel|Win32.Build.0 = MinSizeRel|Win32
		{5E29E2AE-5B90-3BEE-AD52-8FB74790D018}.RelWithDebInfo|Win32.ActiveCfg = RelWithDebInfo|Win32
		{5E29E2AE-5B90-3BEE-AD52-8FB74790D018}.RelWithDebInfo|Win32.Build.0 = RelWithDebInfo|Win32
		{9F963C85-D514-3636-8DC0-EE005670DF08}.Debug|Win32.ActiveCfg = Debug|Win32
		{9F963C85-D514-3636-8DC0-EE005670DF08}.Debug|Win32.Build.0 = Debug|Win32
		{9F963C85-D514-3636-8DC0-EE005670DF08}.Release|Win32.ActiveCfg = Release|Win32
		{9F963C85-D514-3636-8DC0-EE005670DF08}.Release|Win32.Build.0 = Release|Win32
		{9F963C85-D514-3636-8DC0-EE005670DF08}.MinSizeRel|Win32.ActiveCfg = MinSizeRel|Win32
		{9F963C85-D514-3636-8DC0-EE005670DF08}.MinSizeRel|Win32.Build.0 = MinSizeRel|Win32
		{9F963C85-D514-3636-8DC0-EE005670DF08}.RelWithDebInfo|Win32.ActiveCfg = RelWithDebInfo|Win32
		{9F963C85-D514-3636-8DC0-EE005670DF08}.RelWithDebInfo|Win32.Build.0 = RelWithDebInfo|Win32
		{B404449B-80FE-39EC-96D4-C013FE7E98F4}.Debug|Win32.ActiveCfg = Debug|Win32
		{B404449B-80FE-39EC-96D4-C013FE7E98F4}.Debug|Win32.Build.0 = Debug|Win32
		{B404449B-80FE-39EC-96D4-C013FE7E98F4}.Release|Win32.ActiveCfg = Release|Win32
		{B404449B-80FE-39EC-96D4-C013FE7E98F4}.Release|Win32.Build.0 = Release|Win32
		{B404449B-80FE-39EC-96D4-C013FE7E98F4}.MinSizeRel|Win32.ActiveCfg = MinSizeRel|Win32
		{B404449B-80FE-39EC-96D4-C013FE7E98F4}.MinSizeRel|Win32.Build.0 = MinSizeRel|Win32
		{B404449B-80FE-39EC-96D4-C013FE7E98F4}.RelWithDebInfo|Win32.ActiveCfg = RelWithDebInfo|Win32
		{B404449B-80FE-39EC-96D4-C013FE7E98F4}.RelWithDebInfo|Win32.Build.0 = RelWithDebInfo|Win32
		{8763C3E1-0ED5-30B2-AF5D-4B2005C2B45A}.Debug|Win32.ActiveCfg = Debug|Win32
		{8763C3E1-0ED5-30B2-AF5D-4B2005C2B45A}.Debug|Win32.Build.0 = Debug|Win32
		{8763C3E1-0ED5-30B2-AF5D-4B2005C2B45A}.Release|Win32.ActiveCfg = Release|Win32
		{8763C3E1-0ED5-30B2-AF5D-4B2005C2B45A}.Release|Win32.Build.0 = Release|Win32
		{8763C3E1-0ED5-30B2-AF5D-4B2005C2B45A}.MinSizeRel|Win32.ActiveCfg = MinSizeRel|Win32
		{8763C3E1-0ED5-30B2-AF5D-4B2005C2B45A}.MinSizeRel|Win32.Build.0 = MinSizeRel|Win32
		{8763C3E1-0ED5-30B2-AF5D-4B2005C2B45A}.RelWithDebInfo|Win32.ActiveCfg = RelWithDebInfo|Win32
		{8763C3E1-0ED5-30B2-AF5D-4B2005C2B45A}.RelWithDebInfo|Win32.Build.0 = RelWithDebInfo|Win32
		{8585C40B-194C-3A9A-BF90-AF8AF1FE24B2}.Debug|Win32.ActiveCfg = Debug|Win32
		{8585C40B-194C-3A9A-BF90-AF8AF1FE24B2}.Debug|Win32.Build.0 = Debug|Win32
		{8585C40B-194C-3A9A-BF90-AF8AF1FE24B2}.Release|Win32.ActiveCfg = Release|Win32
		{8585C40B-194C-3A9A-BF90-AF8AF1FE24B2}.Release|Win32.Build.0 = Release|Win32
		{8585C40B-194C-3A9A-BF90-AF8AF1FE24B2}.MinSizeRel|Win32.ActiveCfg = MinSizeRel|Win32
		{8585C40B-194C-3A9A-BF90-AF8AF1FE24B2}.MinSizeRel|Win32.Build.0 = MinSizeRel|Win32
		{8585C40B-194C-3A9A-BF90-AF8AF1FE24B2}.RelWithDebInfo|Win32.ActiveCfg = RelWithDebInfo|Win32
		{8585C40B-194C-3A9A-BF90-AF8AF1FE24B2}.RelWithDebInfo|Win32.Build.0 = RelWithDebInfo|Win32
		{80E9248A-EFA3-30B3-81FF-851183A21672}.Debug|Win32.ActiveCfg = Debug|Win32
		{80E9248A-EFA3-30B3-81FF-851183A21672}.Debug|Win32.Build.0 = Debug|Win32
		{80E9248A-EFA3-30B3-81FF-851183A21672}.Release|Win32.ActiveCfg = Release|Win32
		{80E9248A-EFA3-30B3-81FF-851183A21672}.Release|Win32.Build.0 = Release|Win32
		{80E9248A-EFA3-30B3-81FF-851183A21672}.MinSizeRel|Win32.ActiveCfg = MinSizeRel|Win32
		{80E9248A-EFA3-30B3-81FF-851183A21672}.MinSizeRel|Win32.Build.0 = MinSizeRel|Win32
		{80E9248A-EFA3-30B3-81FF-851183A21672}.RelWithDebInfo|Win32.ActiveCfg = RelWithDebInfo|Win32
		{80E9248A-EFA3-30B3-81FF-851183A21672}.RelWithDebInfo|Win32.Build.0 = RelWithDebInfo|Win32
		{8DE5D99A-29A5-3279-B88C-02AD764AF88C}.Debug|Win32.ActiveCfg = Debug|Win32
		{8DE5D99A-29A5-3279-B88C-02AD764AF88C}.Debug|Win32.Build.0 = Debug|Win32
		{8DE5D99A-29A5-3279-B88C-02AD764AF88C}.Release|Win32.ActiveCfg = Release|Win32
		{8DE5D99A-29A5-3279-B88C-02AD764AF88C}.Release|Win32.Build.0 = Release|Win32
		{8DE5D99A-29A5-3279-B88C-02AD764AF88C}.MinSizeRel|Win32.ActiveCfg = MinSizeRel|Win32
		{8DE5D99A-29A5-3279-B88C-02AD764AF88C}.MinSizeRel|Win32.Build.0 = MinSizeRel|Win32
		{8DE5D99A-29A5-3279-B88C-02AD764AF88C}.RelWithDebInfo|Win32.ActiveCfg = RelWithDebInfo|Win32
		{8DE5D99A-29A5-3279-B88C-02AD764AF88C}.RelWithDebInfo|Win32.Build.0 = RelWithDebInfo|Win32
		{A6AD7059-F3A6-3A40-830B-6CF3452461D3}.Debug|Win32.ActiveCfg = Debug|Win32
		{A6AD7059-F3A6-3A40-830B-6CF3452461D3}.Debug|Win32.Build.0 = Debug|Win32
		{A6AD7059-F3A6-3A40-830B-6CF3452461D3}.Release|Win32.ActiveCfg = Release|Win32
		{A6AD7059-F3A6-3A40-830B-6CF3452461D3}.Release|Win32.Build.0 = Release|Win32
		{A6AD7059-F3A6-3A40-830B-6CF3452461D3}.MinSizeRel|Win32.ActiveCfg = MinSizeRel|Win32
		{A6AD7059-F3A6-3A40-830B-6CF3452461D3}.MinSizeRel|Win32.Build.0 = MinSizeRel|Win32
		{A6AD7059-F3A6-3A40-830B-6CF3452461D3}.RelWithDebInfo|Win32.ActiveCfg = RelWithDebInfo|Win32
		{A6AD7059-F3A6-3A40-830B-6CF3452461D3}.RelWithDebInfo|Win32.Build.0 = RelWithDebInfo|Win32
		{D967E4EF-3D95-3C25-B543-D62BC198CC89}.Debug|Win32.ActiveCfg = Debug|Win32
		{D967E4EF-3D95-3C25-B543-D62BC198CC89}.Debug|Win32.Build.0 = Debug|Win32
		{D967E4EF-3D95-3C25-B543-D62BC198CC89}.Release|Win32.ActiveCfg = Release|Win32
		{D967E4EF-3D95-3C25-B543-D62BC198CC89}.Release|Win32.Build.0 = Release|Win32
		{D967E4EF-3D95-3C25-B543-D62BC198CC89}.MinSizeRel|Win32.ActiveCfg = MinSizeRel|Win32
		{D967E4EF-3D95-3C25-B543-D62BC198CC89}.MinSizeRel|Win32.Build.0 = MinSizeRel|Win32
		{D967E4EF-3D95-3C25-B543-D62BC198CC89}.RelWithDebInfo|Win32.ActiveCfg = RelWithDebInfo|Win32
		{D967E4EF-3D95-3C25-B543-D62BC198CC89}.RelWithDebInfo|Win32.Build.0 = RelWithDebInfo|Win32
		{6B5AAD50-D1FC-35DC-A002-0AE15AADD2EC}.Debug|Win32.ActiveCfg = Debug|Win32
		{6B5AAD50-D1FC-35DC-A002-0AE15AADD2EC}.Debug|Win32.Build.0 = Debug|Win32
		{6B5AAD50-D1FC-35DC-A002-0AE15AADD2EC}.Release|Win32.ActiveCfg = Release|Win32
		{6B5AAD50-D1FC-35DC-A002-0AE15AADD2EC}.Release|Win32.Build.0 = Release|Win32
		{6B5AAD50-D1FC-35DC-A002-0AE15AADD2EC}.MinSizeRel|Win32.ActiveCfg = MinSizeRel|Win32
		{6B5AAD50-D1FC-35DC-A002-0AE15AADD2EC}.MinSizeRel|Win32.Build.0 = MinSizeRel|Win32
		{6B5AAD50-D1FC-35DC-A002-0AE15AADD2EC}.RelWithDebInfo|Win32.ActiveCfg = RelWithDebInfo|Win32
		{6B5AAD50-D1FC-35DC-A002-0AE15AADD2EC}.RelWithDebInfo|Win32.Build.0 = RelWithDebInfo|Win32
		{C96FD1F6-1064-375D-9F47-8260006F309D}.Debug|Win32.ActiveCfg = Debug|Win32
		{C96FD1F6-1064-375D-9F47-8260006F309D}.Debug|Win32.Build.0 = Debug|Win32
		{C96FD1F6-1064-375D-9F47-8260006F309D}.Release|Win32.ActiveCfg = Release|Win32
		{C96FD1F6-1064-375D-9F47-8260006F309D}.Release|Win32.Build.0 = Release|Win32
		{C96FD1F6-1064-375D-9F47-8260006F309D}.MinSizeRel|Win32.ActiveCfg = MinSizeRel|Win32
		{C96FD1F6-1064-375D-9F47-8260006F309D}.MinSizeRel|Win32.Build.0 = MinSizeRel|Win32
		{C96FD1F6-1064-375D-9F47-8260006F309D}.RelWithDebInfo|Win32.ActiveCfg = RelWithDebInfo|Win32
		{C96FD1F6-1064-375D-9F47-8260006F309D}.RelWithDebInfo|Win32.Build.0 = RelWithDebInfo|Win32
		{D027CE4A-6ED2-3F06-B7E5-F86D7A453829}.Debug|Win32.ActiveCfg = Debug|Win32
		{D027CE4A-6ED2-3F06-B7E5-F86D7A453829}.Debug|Win32.Build.0 = Debug|Win32
		{D027CE4A-6ED2-3F06-B7E5-F86D7A453829}.Release|Win32.ActiveCfg = Release|Win32
		{D027CE4A-6ED2-3F06-B7E5-F86D7A453829}.Release|Win32.Build.0 = Release|Win32
		{D027CE4A-6ED2-3F06-B7E5-F86D7A453829}.MinSizeRel|Win32.ActiveCfg = MinSizeRel|Win32
		{D027CE4A-6ED2-3F06-B7E5-F86D7A453829}.MinSizeRel|Win32.Build.0 = MinSizeRel|Win32
		{D027CE4A-6ED2-3F06-B7E5-F86D7A453829}.RelWithDebInfo|Win32.ActiveCfg = RelWithDebInfo|Win32
		{D027CE4A-6ED2-3F06-B7E5-F86D7A453829}.RelWithDebInfo|Win32.Build.0 = RelWithDebInfo|Win32
		{FB369558-0E4B-34F1-98F4-60972A46DD4D}.Debug|Win32.ActiveCfg = Debug|Win32
		{FB369558-0E4B-34F1-98F4-60972A46DD4D}.Debug|Win32.Build.0 = Debug|Win32
		{FB369558-0E4B-34F1-98F4-60972A46DD4D}.Release|Win32.ActiveCfg = Release|Win32
		{FB369558-0E4B-34F1-98F4-60972A46DD4D}.Release|Win32.Build.0 = Release|Win32
		{FB369558-0E4B-34F1-98F4-60972A46DD4D}.MinSizeRel|Win32.ActiveCfg = MinSizeRel|Win32
		{FB369558-0E4B-34F1-98F4-60972A46DD4D}.MinSizeRel|Win32.Build.0 = MinSizeRel|Win32
		{FB369558-0E4B-34F1-98F4-60972A46DD4D}.RelWithDebInfo|Win32.ActiveCfg = RelWithDebInfo|Win32
		{FB369558-0E4B-34F1-98F4-60972A46DD4D}.RelWithDebInfo|Win32.Build.0 = RelWithDebInfo|Win32
		{544C0D67-8F08-36F9-BEE4-21123BA93BE3}.Debug|Win32.ActiveCfg = Debug|Win32
		{544C0D67-8F08-36F9-BEE4-21123BA93BE3}.Debug|Win32.Build.0 = Debug|Win32
		{544C0D67-8F08-36F9-BEE4-21123BA93BE3}.Release|Win32.ActiveCfg = Release|Win32
		{544C0D67-8F08-36F9-BEE4-21123BA93BE3}.Release|Win32.Build.0 = Release|Win32
		{544C0D67-8F08-36F9-BEE4-21123BA93BE3}.MinSizeRel|Win32.ActiveCfg = MinSizeRel|Win32
		{544C0D67-8F08-36F9-BEE4-21123BA93BE3}.MinSizeRel|Win32.Build.0 = MinSizeRel|Win32
		{544C0D67-8F08-36F9-BEE4-21123BA93BE3}.RelWithDebInfo|Win32.ActiveCfg = RelWithDebInfo|Win32
		{544C0D67-8F08-36F9-BEE4-21123BA93BE3}.RelWithDebInfo|Win32.Build.0 = RelWithDebInfo|Win32
		{754A4830-2880-3A6B-B071-9342E050F51A}.Debug|Win32.ActiveCfg = Debug|Win32
		{754A4830-2880-3A6B-B071-9342E050F51A}.Debug|Win32.Build.0 = Debug|Win32
		{754A4830-2880-3A6B-B071-9342E050F51A}.Release|Win32.ActiveCfg = Release|Win32
		{754A4830-2880-3A6B-B071-9342E050F51A}.Release|Win32.Build.0 = Release|Win32
		{754A4830-2880-3A6B-B071-9342E050F51A}.MinSizeRel|Win32.ActiveCfg = MinSizeRel|Win32
		{754A4830-2880-3A6B-B071-9342E050F51A}.MinSizeRel|Win32.Build.0 = MinSizeRel|Win32
		{754A4830-2880-3A6B-B071-9342E050F51A}.RelWithDebInfo|Win32.ActiveCfg = RelWithDebInfo|Win32
		{754A4830-2880-3A6B-B071-9342E050F51A}.RelWithDebInfo|Win32.Build.0 = RelWithDebInfo|Win32
		{E8387514-B493-3B9C-9871-2D808F5C5668}.Debug|Win32.ActiveCfg = Debug|Win32
		{E8387514-B493-3B9C-9871-2D808F5C5668}.Debug|Win32.Build.0 = Debug|Win32
		{E8387514-B493-3B9C-9871-2D808F5C5668}.Release|Win32.ActiveCfg = Release|Win32
		{E8387514-B493-3B9C-9871-2D808F5C5668}.Release|Win32.Build.0 = Release|Win32
		{E8387514-B493-3B9C-9871-2D808F5C5668}.MinSizeRel|Win32.ActiveCfg = MinSizeRel|Win32
		{E8387514-B493-3B9C-9871-2D808F5C5668}.MinSizeRel|Win32.Build.0 = MinSizeRel|Win32
		{E8387514-B493-3B9C-9871-2D808F5C5668}.RelWithDebInfo|Win32.ActiveCfg = RelWithDebInfo|Win32
		{E8387514-B493-3B9C-9871-2D808F5C5668}.RelWithDebInfo|Win32.Build.0 = RelWithDebInfo|Win32
		{0F19D65A-8EC4-3169-BC8E-1CEC4B812C51}.Debug|Win32.ActiveCfg = Debug|Win32
		{0F19D65A-8EC4-3169-BC8E-1CEC4B812C51}.Debug|Win32.Build.0 = Debug|Win32
		{0F19D65A-8EC4-3169-BC8E-1CEC4B812C51}.Release|Win32.ActiveCfg = Release|Win32
		{0F19D65A-8EC4-3169-BC8E-1CEC4B812C51}.Release|Win32.Build.0 = Release|Win32
		{0F19D65A-8EC4-3169-BC8E-1CEC4B812C51}.MinSizeRel|Win32.ActiveCfg = MinSizeRel|Win32
		{0F19D65A-8EC4-3169-BC8E-1CEC4B812C51}.MinSizeRel|Win32.Build.0 = MinSizeRel|Win32
		{0F19D65A-8EC4-3169-BC8E-1CEC4B812C51}.RelWithDebInfo|Win32.ActiveCfg = RelWithDebInfo|Win32
		{0F19D65A-8EC4-3169-BC8E-1CEC4B812C51}.RelWithDebInfo|Win32.Build.0 = RelWithDebInfo|Win32
		{1C01CE0F-E545-35FD-BE42-910F61E2E679}.Debug|Win32.ActiveCfg = Debug|Win32
		{1C01CE0F-E545-35FD-BE42-910F61E2E679}.Debug|Win32.Build.0 = Debug|Win32
		{1C01CE0F-E545-35FD-BE42-910F61E2E679}.Release|Win32.ActiveCfg = Release|Win32
		{1C01CE0F-E545-35FD-BE42-910F61E2E679}.Release|Win32.Build.0 = Release|Win32
		{1C01CE0F-E545-35FD-BE42-910F61E2E679}.MinSizeRel|Win32.ActiveCfg = MinSizeRel|Win32
		{1C01CE0F-E545-35FD-BE42-910F61E2E679}.MinSizeRel|Win32.Build.0 = MinSizeRel|Win32
		{1C01CE0F-E545-35FD-BE42-910F61E2E679}.RelWithDebInfo|Win32.ActiveCfg = RelWithDebInfo|Win32
		{1C01CE0F-E545-35FD-BE42-910F61E2E679}.RelWithDebInfo|Win32.Build.0 = RelWithDebInfo|Win32
		{96CB3FC3-84E1-346D-94B4-66CC2EF7C4B0}.Debug|Win32.ActiveCfg = Debug|Win32
		{96CB3FC3-84E1-346D-94B4-66CC2EF7C4B0}.Debug|Win32.Build.0 = Debug|Win32
		{96CB3FC3-84E1-346D-94B4-66CC2EF7C4B0}.Release|Win32.ActiveCfg = Release|Win32
		{96CB3FC3-84E1-346D-94B4-66CC2EF7C4B0}.Release|Win32.Build.0 = Release|Win32
		{96CB3FC3-84E1-346D-94B4-66CC2EF7C4B0}.MinSizeRel|Win32.ActiveCfg = MinSizeRel|Win32
		{96CB3FC3-84E1-346D-94B4-66CC2EF7C4B0}.MinSizeRel|Win32.Build.0 = MinSizeRel|Win32
		{96CB3FC3-84E1-346D-94B4-66CC2EF7C4B0}.RelWithDebInfo|Win32.ActiveCfg = RelWithDebInfo|Win32
		{96CB3FC3-84E1-346D-94B4-66CC2EF7C4B0}.RelWithDebInfo|Win32.Build.0 = RelWithDebInfo|Win32
		{0C371408-A66F-3920-B1F0-479E608D422B}.Debug|Win32.ActiveCfg = Debug|Win32
		{0C371408-A66F-3920-B1F0-479E608D422B}.Debug|Win32.Build.0 = Debug|Win32
		{0C371408-A66F-3920-B1F0-479E608D422B}.Release|Win32.ActiveCfg = Release|Win32
		{0C371408-A66F-3920-B1F0-479E608D422B}.Release|Win32.Build.0 = Release|Win32
		{0C371408-A66F-3920-B1F0-479E608D422B}.MinSizeRel|Win32.ActiveCfg = MinSizeRel|Win32
		{0C371408-A66F-3920-B1F0-479E608D422B}.MinSizeRel|Win32.Build.0 = MinSizeRel|Win32
		{0C371408-A66F-3920-B1F0-479E608D422B}.RelWithDebInfo|Win32.ActiveCfg = RelWithDebInfo|Win32
		{0C371408-A66F-3920-B1F0-479E608D422B}.RelWithDebInfo|Win32.Build.0 = RelWithDebInfo|Win32
		{279F855F-2923-3569-AC4C-2EA866246230}.Debug|Win32.ActiveCfg = Debug|Win32
		{279F855F-2923-3569-AC4C-2EA866246230}.Debug|Win32.Build.0 = Debug|Win32
		{279F855F-2923-3569-AC4C-2EA866246230}.Release|Win32.ActiveCfg = Release|Win32
		{279F855F-2923-3569-AC4C-2EA866246230}.Release|Win32.Build.0 = Release|Win32
		{279F855F-2923-3569-AC4C-2EA866246230}.MinSizeRel|Win32.ActiveCfg = MinSizeRel|Win32
		{279F855F-2923-3569-AC4C-2EA866246230}.MinSizeRel|Win32.Build.0 = MinSizeRel|Win32
		{279F855F-2923-3569-AC4C-2EA866246230}.RelWithDebInfo|Win32.ActiveCfg = RelWithDebInfo|Win32
		{279F855F-2923-3569-AC4C-2EA866246230}.RelWithDebInfo|Win32.Build.0 = RelWithDebInfo|Win32
		{F0AD4DE6-6CE9-3469-BA0E-E83E65FD7F86}.Debug|Win32.ActiveCfg = Debug|Win32
		{F0AD4DE6-6CE9-3469-BA0E-E83E65FD7F86}.Debug|Win32.Build.0 = Debug|Win32
		{F0AD4DE6-6CE9-3469-BA0E-E83E65FD7F86}.Release|Win32.ActiveCfg = Release|Win32
		{F0AD4DE6-6CE9-3469-BA0E-E83E65FD7F86}.Release|Win32.Build.0 = Release|Win32
		{F0AD4DE6-6CE9-3469-BA0E-E83E65FD7F86}.MinSizeRel|Win32.ActiveCfg = MinSizeRel|Win32
		{F0AD4DE6-6CE9-3469-BA0E-E83E65FD7F86}.MinSizeRel|Win32.Build.0 = MinSizeRel|Win32
		{F0AD4DE6-6CE9-3469-BA0E-E83E65FD7F86}.RelWithDebInfo|Win32.ActiveCfg = RelWithDebInfo|Win32
		{F0AD4DE6-6CE9-3469-BA0E-E83E65FD7F86}.RelWithDebInfo|Win32.Build.0 = RelWithDebInfo|Win32
		{78D5B1F6-448C-3EDA-A6B2-CDEA1A81C18A}.Debug|Win32.ActiveCfg = Debug|Win32
		{78D5B1F6-448C-3EDA-A6B2-CDEA1A81C18A}.Debug|Win32.Build.0 = Debug|Win32
		{78D5B1F6-448C-3EDA-A6B2-CDEA1A81C18A}.Release|Win32.ActiveCfg = Release|Win32
		{78D5B1F6-448C-3EDA-A6B2-CDEA1A81C18A}.Release|Win32.Build.0 = Release|Win32
		{78D5B1F6-448C-3EDA-A6B2-CDEA1A81C18A}.MinSizeRel|Win32.ActiveCfg = MinSizeRel|Win32
		{78D5B1F6-448C-3EDA-A6B2-CDEA1A81C18A}.MinSizeRel|Win32.Build.0 = MinSizeRel|Win32
		{78D5B1F6-448C-3EDA-A6B2-CDEA1A81C18A}.RelWithDebInfo|Win32.ActiveCfg = RelWithDebInfo|Win32
		{78D5B1F6-448C-3EDA-A6B2-CDEA1A81C18A}.RelWithDebInfo|Win32.Build.0 = RelWithDebInfo|Win32
		{02A753E6-1F66-38A1-A4A9-3592FCB767D7}.Debug|Win32.ActiveCfg = Debug|Win32
		{02A753E6-1F66-38A1-A4A9-3592FCB767D7}.Release|Win32.ActiveCfg = Release|Win32
		{02A753E6-1F66-38A1-A4A9-3592FCB767D7}.MinSizeRel|Win32.ActiveCfg = MinSizeRel|Win32
		{02A753E6-1F66-38A1-A4A9-3592FCB767D7}.RelWithDebInfo|Win32.ActiveCfg = RelWithDebInfo|Win32
		{BC3E5FAD-20AB-34A3-AFC2-B30D42363EE2}.Debug|Win32.ActiveCfg = Debug|Win32
		{BC3E5FAD-20AB-34A3-AFC2-B30D42363EE2}.Release|Win32.ActiveCfg = Release|Win32
		{BC3E5FAD-20AB-34A3-AFC2-B30D42363EE2}.MinSizeRel|Win32.ActiveCfg = MinSizeRel|Win32
		{BC3E5FAD-20AB-34A3-AFC2-B30D42363EE2}.RelWithDebInfo|Win32.ActiveCfg = RelWithDebInfo|Win32
		{18E26AEA-7947-369A-9129-56F608C94639}.Debug|Win32.ActiveCfg = Debug|Win32
		{18E26AEA-7947-369A-9129-56F608C94639}.Debug|Win32.Build.0 = Debug|Win32
		{18E26AEA-7947-369A-9129-56F608C94639}.Release|Win32.ActiveCfg = Release|Win32
		{18E26AEA-7947-369A-9129-56F608C94639}.Release|Win32.Build.0 = Release|Win32
		{18E26AEA-7947-369A-9129-56F608C94639}.MinSizeRel|Win32.ActiveCfg = MinSizeRel|Win32
		{18E26AEA-7947-369A-9129-56F608C94639}.MinSizeRel|Win32.Build.0 = MinSizeRel|Win32
		{18E26AEA-7947-369A-9129-56F608C94639}.RelWithDebInfo|Win32.ActiveCfg = RelWithDebInfo|Win32
		{18E26AEA-7947-369A-9129-56F608C94639}.RelWithDebInfo|Win32.Build.0 = RelWithDebInfo|Win32
		{B4F708B8-C135-34F3-B50D-4F86D7877E57}.Debug|Win32.ActiveCfg = Debug|Win32
		{B4F708B8-C135-34F3-B50D-4F86D7877E57}.Debug|Win32.Build.0 = Debug|Win32
		{B4F708B8-C135-34F3-B50D-4F86D7877E57}.Release|Win32.ActiveCfg = Release|Win32
		{B4F708B8-C135-34F3-B50D-4F86D7877E57}.Release|Win32.Build.0 = Release|Win32
		{B4F708B8-C135-34F3-B50D-4F86D7877E57}.MinSizeRel|Win32.ActiveCfg = MinSizeRel|Win32
		{B4F708B8-C135-34F3-B50D-4F86D7877E57}.MinSizeRel|Win32.Build.0 = MinSizeRel|Win32
		{B4F708B8-C135-34F3-B50D-4F86D7877E57}.RelWithDebInfo|Win32.ActiveCfg = RelWithDebInfo|Win32
		{B4F708B8-C135-34F3-B50D-4F86D7877E57}.RelWithDebInfo|Win32.Build.0 = RelWithDebInfo|Win32
	EndGlobalSection
	GlobalSection(NestedProjects) = preSolution
		{389FC290-D511-306F-AB16-73BCF14E5124} = {7269472B-590D-346B-BF2B-6D07B9E603C6}
		{F08453CB-9DB8-37A6-BAE4-7D1E702F7944} = {7269472B-590D-346B-BF2B-6D07B9E603C6}
		{E8FF560A-BA9B-37FB-BED9-8C0C3DA438F6} = {7269472B-590D-346B-BF2B-6D07B9E603C6}
		{4A2C69BA-C917-30D4-9424-EA27EC71FAA1} = {B06E536A-6342-3B7A-90E3-23ED4340BA94}
		{24614700-F245-35E6-9F0A-1B11975B0F39} = {B06E536A-6342-3B7A-90E3-23ED4340BA94}
		{B404449B-80FE-39EC-96D4-C013FE7E98F4} = {B06E536A-6342-3B7A-90E3-23ED4340BA94}
		{02A753E6-1F66-38A1-A4A9-3592FCB767D7} = {B06E536A-6342-3B7A-90E3-23ED4340BA94}
		{BC3E5FAD-20AB-34A3-AFC2-B30D42363EE2} = {B06E536A-6342-3B7A-90E3-23ED4340BA94}
		{4C7308C8-DC34-340A-97F2-1D34CC5EEAE8} = {4A2C69BA-C917-30D4-9424-EA27EC71FAA1}
		{9F963C85-D514-3636-8DC0-EE005670DF08} = {4A2C69BA-C917-30D4-9424-EA27EC71FAA1}
		{8585C40B-194C-3A9A-BF90-AF8AF1FE24B2} = {4A2C69BA-C917-30D4-9424-EA27EC71FAA1}
		{D027CE4A-6ED2-3F06-B7E5-F86D7A453829} = {4A2C69BA-C917-30D4-9424-EA27EC71FAA1}
		{544C0D67-8F08-36F9-BEE4-21123BA93BE3} = {4A2C69BA-C917-30D4-9424-EA27EC71FAA1}
		{E8387514-B493-3B9C-9871-2D808F5C5668} = {4A2C69BA-C917-30D4-9424-EA27EC71FAA1}
		{0F19D65A-8EC4-3169-BC8E-1CEC4B812C51} = {4A2C69BA-C917-30D4-9424-EA27EC71FAA1}
		{1C01CE0F-E545-35FD-BE42-910F61E2E679} = {4A2C69BA-C917-30D4-9424-EA27EC71FAA1}
		{18E26AEA-7947-369A-9129-56F608C94639} = {4A2C69BA-C917-30D4-9424-EA27EC71FAA1}
		{42A66A76-EB6F-3B7D-9593-9B64D8D6D095} = {24614700-F245-35E6-9F0A-1B11975B0F39}
		{F5CF5038-A2D1-3835-9874-A5B797C49C49} = {24614700-F245-35E6-9F0A-1B11975B0F39}
		{10264EC8-F407-38A3-80F7-6A672FEE176A} = {24614700-F245-35E6-9F0A-1B11975B0F39}
		{CA453062-6DFC-358A-94C0-ECAFDDDFC409} = {24614700-F245-35E6-9F0A-1B11975B0F39}
		{5E29E2AE-5B90-3BEE-AD52-8FB74790D018} = {24614700-F245-35E6-9F0A-1B11975B0F39}
		{8763C3E1-0ED5-30B2-AF5D-4B2005C2B45A} = {24614700-F245-35E6-9F0A-1B11975B0F39}
		{80E9248A-EFA3-30B3-81FF-851183A21672} = {24614700-F245-35E6-9F0A-1B11975B0F39}
		{8DE5D99A-29A5-3279-B88C-02AD764AF88C} = {24614700-F245-35E6-9F0A-1B11975B0F39}
		{A6AD7059-F3A6-3A40-830B-6CF3452461D3} = {24614700-F245-35E6-9F0A-1B11975B0F39}
		{D967E4EF-3D95-3C25-B543-D62BC198CC89} = {24614700-F245-35E6-9F0A-1B11975B0F39}
		{6B5AAD50-D1FC-35DC-A002-0AE15AADD2EC} = {24614700-F245-35E6-9F0A-1B11975B0F39}
		{C96FD1F6-1064-375D-9F47-8260006F309D} = {24614700-F245-35E6-9F0A-1B11975B0F39}
		{FB369558-0E4B-34F1-98F4-60972A46DD4D} = {24614700-F245-35E6-9F0A-1B11975B0F39}
		{754A4830-2880-3A6B-B071-9342E050F51A} = {24614700-F245-35E6-9F0A-1B11975B0F39}
		{96CB3FC3-84E1-346D-94B4-66CC2EF7C4B0} = {24614700-F245-35E6-9F0A-1B11975B0F39}
		{0C371408-A66F-3920-B1F0-479E608D422B} = {24614700-F245-35E6-9F0A-1B11975B0F39}
		{279F855F-2923-3569-AC4C-2EA866246230} = {24614700-F245-35E6-9F0A-1B11975B0F39}
		{F0AD4DE6-6CE9-3469-BA0E-E83E65FD7F86} = {24614700-F245-35E6-9F0A-1B11975B0F39}
		{78D5B1F6-448C-3EDA-A6B2-CDEA1A81C18A} = {24614700-F245-35E6-9F0A-1B11975B0F39}
		{B4F708B8-C135-34F3-B50D-4F86D7877E57} = {24614700-F245-35E6-9F0A-1B11975B0F39}
	EndGlobalSection
	GlobalSection(ExtensibilityGlobals) = postSolution
		SolutionGuid = {D645A51F-0C18-3095-82EE-2658731E476F}
	EndGlobalSection
	GlobalSection(ExtensibilityAddIns) = postSolution
	EndGlobalSection
EndGlobal
