<?xml version="1.0" encoding="utf-8"?>
<Project ToolsVersion="16.0" xmlns="http://schemas.microsoft.com/developer/msbuild/2003">
  <ItemGroup>
    <CustomBuild Include="C:\Users\vinay\Music\glfw_3_3_8\buildVS2019\CMakeFiles\8992c1d955e6a6f72a57a07977155121\INSTALL_force.rule">
      <Filter>CMake Rules</Filter>
    </CustomBuild>
  </ItemGroup>
  <ItemGroup>
    <Filter Include="CMake Rules">
      <UniqueIdentifier>{E77739A3-CF57-3293-890C-46535BA0F0BE}</UniqueIdentifier>
    </Filter>
  </ItemGroup>
</Project>
