
Microsoft Visual Studio Solution File, Format Version 12.00
# Visual Studio Version 17
Project("{2150E333-8FDC-42A3-9474-1A3956D46DE8}") = "CMakePredefinedTargets", "CMakePredefinedTargets", "{E99436E3-7490-3873-948A-D04A7AF80837}"
EndProject
Project("{2150E333-8FDC-42A3-9474-1A3956D46DE8}") = "GLFW3", "GLFW3", "{436ACB6B-E967-346D-A98C-FB17AC7315CC}"
EndProject
Project("{2150E333-8FDC-42A3-9474-1A3956D46DE8}") = "Examples", "GLFW3\Examples", "{8A77A5C9-F29D-3981-8E9E-BB84A82159A7}"
EndProject
Project("{2150E333-8FDC-42A3-9474-1A3956D46DE8}") = "Tests", "GLFW3\Tests", "{57BB8EB7-A605-3B41-9281-94B70F9EBD61}"
EndProject
Project("{8BC9CEB8-8B4A-11D0-8D11-00A0C91BC942}") = "ALL_BUILD", "ALL_BUILD.vcxproj", "{20A50AAC-E5CB-3FC6-A3E0-277792EC30EA}"
	ProjectSection(ProjectDependencies) = postProject
		{A4FC0DAA-0F9D-3504-A77A-4B326D389218} = {A4FC0DAA-0F9D-3504-A77A-4B326D389218}
		{846A0992-BA6C-3485-985B-895D53381E2F} = {846A0992-BA6C-3485-985B-895D53381E2F}
		{B955E649-962A-3910-B217-E11DF638C438} = {B955E649-962A-3910-B217-E11DF638C438}
		{C22A6C8E-F053-3097-9370-B19A8BBC52EA} = {C22A6C8E-F053-3097-9370-B19A8BBC52EA}
		{A302B2F0-62A1-3350-9EDE-529E1CF81669} = {A302B2F0-62A1-3350-9EDE-529E1CF81669}
		{FF5B703D-0504-3175-A1CE-4D351B0BBC44} = {FF5B703D-0504-3175-A1CE-4D351B0BBC44}
		{1A5A44E0-AB5C-3008-8EA0-B11F4012C316} = {1A5A44E0-AB5C-3008-8EA0-B11F4012C316}
		{A0005C53-ADC7-3543-89E5-D53C94AAE762} = {A0005C53-ADC7-3543-89E5-D53C94AAE762}
		{8288D9BB-A600-3DD4-80C9-F80C2A28DE92} = {8288D9BB-A600-3DD4-80C9-F80C2A28DE92}
		{63235B3F-2158-301F-9FD7-1BEBF6C04F88} = {63235B3F-2158-301F-9FD7-1BEBF6C04F88}
		{D2271279-F671-3591-9B14-A7F60E5F245E} = {D2271279-F671-3591-9B14-A7F60E5F245E}
		{619DDD98-D889-3D68-B376-800143866936} = {619DDD98-D889-3D68-B376-800143866936}
		{CD095019-142A-3378-A6ED-18851A963F14} = {CD095019-142A-3378-A6ED-18851A963F14}
		{C941C7F5-428B-3E10-9D9A-01DCEC6E3F24} = {C941C7F5-428B-3E10-9D9A-01DCEC6E3F24}
		{1EA6F595-C87E-338F-B1F2-5CAF41809299} = {1EA6F595-C87E-338F-B1F2-5CAF41809299}
		{A05EF39D-656F-3135-ACAD-1F2DD16D5ADB} = {A05EF39D-656F-3135-ACAD-1F2DD16D5ADB}
		{DDC7ED4C-9E29-390D-B612-98F81B2374FA} = {DDC7ED4C-9E29-390D-B612-98F81B2374FA}
		{7128FAB9-5C1B-3740-BA37-C1CAFF03178D} = {7128FAB9-5C1B-3740-BA37-C1CAFF03178D}
		{ADE76409-513D-3764-8C6B-CC4C9D1574F8} = {ADE76409-513D-3764-8C6B-CC4C9D1574F8}
		{C9ED14D4-FC9E-3665-A28C-4CBD31FF2C06} = {C9ED14D4-FC9E-3665-A28C-4CBD31FF2C06}
		{248B2A07-DE45-3724-88B8-0309E1BE3440} = {248B2A07-DE45-3724-88B8-0309E1BE3440}
		{63D32A82-3074-35C2-B8C6-F5198B934AB5} = {63D32A82-3074-35C2-B8C6-F5198B934AB5}
		{277BD2C9-0932-3FAE-A5F0-6F1D3BDF084B} = {277BD2C9-0932-3FAE-A5F0-6F1D3BDF084B}
		{A11A2B99-8BCB-3DB7-8904-02B9C40FE877} = {A11A2B99-8BCB-3DB7-8904-02B9C40FE877}
		{143A1CE5-6A71-3B83-8B33-DA035EC90F04} = {143A1CE5-6A71-3B83-8B33-DA035EC90F04}
		{7C278B63-D113-32EC-A9BB-47FDF0D5D0E3} = {7C278B63-D113-32EC-A9BB-47FDF0D5D0E3}
		{BEBFB1D4-0AB5-3A19-87E7-02484E65CEB7} = {BEBFB1D4-0AB5-3A19-87E7-02484E65CEB7}
		{3766E086-D72E-3E5F-AF71-A597235204D8} = {3766E086-D72E-3E5F-AF71-A597235204D8}
		{1F4D1FFC-5573-311F-997A-AD81BF86940B} = {1F4D1FFC-5573-311F-997A-AD81BF86940B}
		{7D29CBF6-5E51-3A67-8DC6-AF9CEE67C655} = {7D29CBF6-5E51-3A67-8DC6-AF9CEE67C655}
		{D1EEBF06-B60D-3C7B-BDDE-8C44E7834B62} = {D1EEBF06-B60D-3C7B-BDDE-8C44E7834B62}
	EndProjectSection
EndProject
Project("{8BC9CEB8-8B4A-11D0-8D11-00A0C91BC942}") = "INSTALL", "INSTALL.vcxproj", "{0D21013E-F8C5-3CCB-8D2E-18A9AE9618AF}"
	ProjectSection(ProjectDependencies) = postProject
		{20A50AAC-E5CB-3FC6-A3E0-277792EC30EA} = {20A50AAC-E5CB-3FC6-A3E0-277792EC30EA}
		{A4FC0DAA-0F9D-3504-A77A-4B326D389218} = {A4FC0DAA-0F9D-3504-A77A-4B326D389218}
	EndProjectSection
EndProject
Project("{8BC9CEB8-8B4A-11D0-8D11-00A0C91BC942}") = "ZERO_CHECK", "ZERO_CHECK.vcxproj", "{A4FC0DAA-0F9D-3504-A77A-4B326D389218}"
	ProjectSection(ProjectDependencies) = postProject
	EndProjectSection
EndProject
Project("{8BC9CEB8-8B4A-11D0-8D11-00A0C91BC942}") = "boing", "examples\boing.vcxproj", "{846A0992-BA6C-3485-985B-895D53381E2F}"
	ProjectSection(ProjectDependencies) = postProject
		{A4FC0DAA-0F9D-3504-A77A-4B326D389218} = {A4FC0DAA-0F9D-3504-A77A-4B326D389218}
		{8288D9BB-A600-3DD4-80C9-F80C2A28DE92} = {8288D9BB-A600-3DD4-80C9-F80C2A28DE92}
	EndProjectSection
EndProject
Project("{8BC9CEB8-8B4A-11D0-8D11-00A0C91BC942}") = "clipboard", "tests\clipboard.vcxproj", "{B955E649-962A-3910-B217-E11DF638C438}"
	ProjectSection(ProjectDependencies) = postProject
		{A4FC0DAA-0F9D-3504-A77A-4B326D389218} = {A4FC0DAA-0F9D-3504-A77A-4B326D389218}
		{8288D9BB-A600-3DD4-80C9-F80C2A28DE92} = {8288D9BB-A600-3DD4-80C9-F80C2A28DE92}
	EndProjectSection
EndProject
Project("{8BC9CEB8-8B4A-11D0-8D11-00A0C91BC942}") = "cursor", "tests\cursor.vcxproj", "{C22A6C8E-F053-3097-9370-B19A8BBC52EA}"
	ProjectSection(ProjectDependencies) = postProject
		{A4FC0DAA-0F9D-3504-A77A-4B326D389218} = {A4FC0DAA-0F9D-3504-A77A-4B326D389218}
		{8288D9BB-A600-3DD4-80C9-F80C2A28DE92} = {8288D9BB-A600-3DD4-80C9-F80C2A28DE92}
	EndProjectSection
EndProject
Project("{8BC9CEB8-8B4A-11D0-8D11-00A0C91BC942}") = "empty", "tests\empty.vcxproj", "{A302B2F0-62A1-3350-9EDE-529E1CF81669}"
	ProjectSection(ProjectDependencies) = postProject
		{A4FC0DAA-0F9D-3504-A77A-4B326D389218} = {A4FC0DAA-0F9D-3504-A77A-4B326D389218}
		{8288D9BB-A600-3DD4-80C9-F80C2A28DE92} = {8288D9BB-A600-3DD4-80C9-F80C2A28DE92}
	EndProjectSection
EndProject
Project("{8BC9CEB8-8B4A-11D0-8D11-00A0C91BC942}") = "events", "tests\events.vcxproj", "{FF5B703D-0504-3175-A1CE-4D351B0BBC44}"
	ProjectSection(ProjectDependencies) = postProject
		{A4FC0DAA-0F9D-3504-A77A-4B326D389218} = {A4FC0DAA-0F9D-3504-A77A-4B326D389218}
		{8288D9BB-A600-3DD4-80C9-F80C2A28DE92} = {8288D9BB-A600-3DD4-80C9-F80C2A28DE92}
	EndProjectSection
EndProject
Project("{8BC9CEB8-8B4A-11D0-8D11-00A0C91BC942}") = "gamma", "tests\gamma.vcxproj", "{1A5A44E0-AB5C-3008-8EA0-B11F4012C316}"
	ProjectSection(ProjectDependencies) = postProject
		{A4FC0DAA-0F9D-3504-A77A-4B326D389218} = {A4FC0DAA-0F9D-3504-A77A-4B326D389218}
		{8288D9BB-A600-3DD4-80C9-F80C2A28DE92} = {8288D9BB-A600-3DD4-80C9-F80C2A28DE92}
	EndProjectSection
EndProject
Project("{8BC9CEB8-8B4A-11D0-8D11-00A0C91BC942}") = "gears", "examples\gears.vcxproj", "{A0005C53-ADC7-3543-89E5-D53C94AAE762}"
	ProjectSection(ProjectDependencies) = postProject
		{A4FC0DAA-0F9D-3504-A77A-4B326D389218} = {A4FC0DAA-0F9D-3504-A77A-4B326D389218}
		{8288D9BB-A600-3DD4-80C9-F80C2A28DE92} = {8288D9BB-A600-3DD4-80C9-F80C2A28DE92}
	EndProjectSection
EndProject
Project("{8BC9CEB8-8B4A-11D0-8D11-00A0C91BC942}") = "glfw", "src\glfw.vcxproj", "{8288D9BB-A600-3DD4-80C9-F80C2A28DE92}"
	ProjectSection(ProjectDependencies) = postProject
		{A4FC0DAA-0F9D-3504-A77A-4B326D389218} = {A4FC0DAA-0F9D-3504-A77A-4B326D389218}
	EndProjectSection
EndProject
Project("{8BC9CEB8-8B4A-11D0-8D11-00A0C91BC942}") = "glfwinfo", "tests\glfwinfo.vcxproj", "{63235B3F-2158-301F-9FD7-1BEBF6C04F88}"
	ProjectSection(ProjectDependencies) = postProject
		{A4FC0DAA-0F9D-3504-A77A-4B326D389218} = {A4FC0DAA-0F9D-3504-A77A-4B326D389218}
		{8288D9BB-A600-3DD4-80C9-F80C2A28DE92} = {8288D9BB-A600-3DD4-80C9-F80C2A28DE92}
	EndProjectSection
EndProject
Project("{8BC9CEB8-8B4A-11D0-8D11-00A0C91BC942}") = "heightmap", "examples\heightmap.vcxproj", "{D2271279-F671-3591-9B14-A7F60E5F245E}"
	ProjectSection(ProjectDependencies) = postProject
		{A4FC0DAA-0F9D-3504-A77A-4B326D389218} = {A4FC0DAA-0F9D-3504-A77A-4B326D389218}
		{8288D9BB-A600-3DD4-80C9-F80C2A28DE92} = {8288D9BB-A600-3DD4-80C9-F80C2A28DE92}
	EndProjectSection
EndProject
Project("{8BC9CEB8-8B4A-11D0-8D11-00A0C91BC942}") = "icon", "tests\icon.vcxproj", "{619DDD98-D889-3D68-B376-800143866936}"
	ProjectSection(ProjectDependencies) = postProject
		{A4FC0DAA-0F9D-3504-A77A-4B326D389218} = {A4FC0DAA-0F9D-3504-A77A-4B326D389218}
		{8288D9BB-A600-3DD4-80C9-F80C2A28DE92} = {8288D9BB-A600-3DD4-80C9-F80C2A28DE92}
	EndProjectSection
EndProject
Project("{8BC9CEB8-8B4A-11D0-8D11-00A0C91BC942}") = "iconify", "tests\iconify.vcxproj", "{CD095019-142A-3378-A6ED-18851A963F14}"
	ProjectSection(ProjectDependencies) = postProject
		{A4FC0DAA-0F9D-3504-A77A-4B326D389218} = {A4FC0DAA-0F9D-3504-A77A-4B326D389218}
		{8288D9BB-A600-3DD4-80C9-F80C2A28DE92} = {8288D9BB-A600-3DD4-80C9-F80C2A28DE92}
	EndProjectSection
EndProject
Project("{8BC9CEB8-8B4A-11D0-8D11-00A0C91BC942}") = "inputlag", "tests\inputlag.vcxproj", "{C941C7F5-428B-3E10-9D9A-01DCEC6E3F24}"
	ProjectSection(ProjectDependencies) = postProject
		{A4FC0DAA-0F9D-3504-A77A-4B326D389218} = {A4FC0DAA-0F9D-3504-A77A-4B326D389218}
		{8288D9BB-A600-3DD4-80C9-F80C2A28DE92} = {8288D9BB-A600-3DD4-80C9-F80C2A28DE92}
	EndProjectSection
EndProject
Project("{8BC9CEB8-8B4A-11D0-8D11-00A0C91BC942}") = "joysticks", "tests\joysticks.vcxproj", "{1EA6F595-C87E-338F-B1F2-5CAF41809299}"
	ProjectSection(ProjectDependencies) = postProject
		{A4FC0DAA-0F9D-3504-A77A-4B326D389218} = {A4FC0DAA-0F9D-3504-A77A-4B326D389218}
		{8288D9BB-A600-3DD4-80C9-F80C2A28DE92} = {8288D9BB-A600-3DD4-80C9-F80C2A28DE92}
	EndProjectSection
EndProject
Project("{8BC9CEB8-8B4A-11D0-8D11-00A0C91BC942}") = "monitors", "tests\monitors.vcxproj", "{A05EF39D-656F-3135-ACAD-1F2DD16D5ADB}"
	ProjectSection(ProjectDependencies) = postProject
		{A4FC0DAA-0F9D-3504-A77A-4B326D389218} = {A4FC0DAA-0F9D-3504-A77A-4B326D389218}
		{8288D9BB-A600-3DD4-80C9-F80C2A28DE92} = {8288D9BB-A600-3DD4-80C9-F80C2A28DE92}
	EndProjectSection
EndProject
Project("{8BC9CEB8-8B4A-11D0-8D11-00A0C91BC942}") = "msaa", "tests\msaa.vcxproj", "{DDC7ED4C-9E29-390D-B612-98F81B2374FA}"
	ProjectSection(ProjectDependencies) = postProject
		{A4FC0DAA-0F9D-3504-A77A-4B326D389218} = {A4FC0DAA-0F9D-3504-A77A-4B326D389218}
		{8288D9BB-A600-3DD4-80C9-F80C2A28DE92} = {8288D9BB-A600-3DD4-80C9-F80C2A28DE92}
	EndProjectSection
EndProject
Project("{8BC9CEB8-8B4A-11D0-8D11-00A0C91BC942}") = "offscreen", "examples\offscreen.vcxproj", "{7128FAB9-5C1B-3740-BA37-C1CAFF03178D}"
	ProjectSection(ProjectDependencies) = postProject
		{A4FC0DAA-0F9D-3504-A77A-4B326D389218} = {A4FC0DAA-0F9D-3504-A77A-4B326D389218}
		{8288D9BB-A600-3DD4-80C9-F80C2A28DE92} = {8288D9BB-A600-3DD4-80C9-F80C2A28DE92}
	EndProjectSection
EndProject
Project("{8BC9CEB8-8B4A-11D0-8D11-00A0C91BC942}") = "opacity", "tests\opacity.vcxproj", "{ADE76409-513D-3764-8C6B-CC4C9D1574F8}"
	ProjectSection(ProjectDependencies) = postProject
		{A4FC0DAA-0F9D-3504-A77A-4B326D389218} = {A4FC0DAA-0F9D-3504-A77A-4B326D389218}
		{8288D9BB-A600-3DD4-80C9-F80C2A28DE92} = {8288D9BB-A600-3DD4-80C9-F80C2A28DE92}
	EndProjectSection
EndProject
Project("{8BC9CEB8-8B4A-11D0-8D11-00A0C91BC942}") = "particles", "examples\particles.vcxproj", "{C9ED14D4-FC9E-3665-A28C-4CBD31FF2C06}"
	ProjectSection(ProjectDependencies) = postProject
		{A4FC0DAA-0F9D-3504-A77A-4B326D389218} = {A4FC0DAA-0F9D-3504-A77A-4B326D389218}
		{8288D9BB-A600-3DD4-80C9-F80C2A28DE92} = {8288D9BB-A600-3DD4-80C9-F80C2A28DE92}
	EndProjectSection
EndProject
Project("{8BC9CEB8-8B4A-11D0-8D11-00A0C91BC942}") = "reopen", "tests\reopen.vcxproj", "{248B2A07-DE45-3724-88B8-0309E1BE3440}"
	ProjectSection(ProjectDependencies) = postProject
		{A4FC0DAA-0F9D-3504-A77A-4B326D389218} = {A4FC0DAA-0F9D-3504-A77A-4B326D389218}
		{8288D9BB-A600-3DD4-80C9-F80C2A28DE92} = {8288D9BB-A600-3DD4-80C9-F80C2A28DE92}
	EndProjectSection
EndProject
Project("{8BC9CEB8-8B4A-11D0-8D11-00A0C91BC942}") = "sharing", "examples\sharing.vcxproj", "{63D32A82-3074-35C2-B8C6-F5198B934AB5}"
	ProjectSection(ProjectDependencies) = postProject
		{A4FC0DAA-0F9D-3504-A77A-4B326D389218} = {A4FC0DAA-0F9D-3504-A77A-4B326D389218}
		{8288D9BB-A600-3DD4-80C9-F80C2A28DE92} = {8288D9BB-A600-3DD4-80C9-F80C2A28DE92}
	EndProjectSection
EndProject
Project("{8BC9CEB8-8B4A-11D0-8D11-00A0C91BC942}") = "simple", "examples\simple.vcxproj", "{277BD2C9-0932-3FAE-A5F0-6F1D3BDF084B}"
	ProjectSection(ProjectDependencies) = postProject
		{A4FC0DAA-0F9D-3504-A77A-4B326D389218} = {A4FC0DAA-0F9D-3504-A77A-4B326D389218}
		{8288D9BB-A600-3DD4-80C9-F80C2A28DE92} = {8288D9BB-A600-3DD4-80C9-F80C2A28DE92}
	EndProjectSection
EndProject
Project("{8BC9CEB8-8B4A-11D0-8D11-00A0C91BC942}") = "splitview", "examples\splitview.vcxproj", "{A11A2B99-8BCB-3DB7-8904-02B9C40FE877}"
	ProjectSection(ProjectDependencies) = postProject
		{A4FC0DAA-0F9D-3504-A77A-4B326D389218} = {A4FC0DAA-0F9D-3504-A77A-4B326D389218}
		{8288D9BB-A600-3DD4-80C9-F80C2A28DE92} = {8288D9BB-A600-3DD4-80C9-F80C2A28DE92}
	EndProjectSection
EndProject
Project("{8BC9CEB8-8B4A-11D0-8D11-00A0C91BC942}") = "tearing", "tests\tearing.vcxproj", "{143A1CE5-6A71-3B83-8B33-DA035EC90F04}"
	ProjectSection(ProjectDependencies) = postProject
		{A4FC0DAA-0F9D-3504-A77A-4B326D389218} = {A4FC0DAA-0F9D-3504-A77A-4B326D389218}
		{8288D9BB-A600-3DD4-80C9-F80C2A28DE92} = {8288D9BB-A600-3DD4-80C9-F80C2A28DE92}
	EndProjectSection
EndProject
Project("{8BC9CEB8-8B4A-11D0-8D11-00A0C91BC942}") = "threads", "tests\threads.vcxproj", "{7C278B63-D113-32EC-A9BB-47FDF0D5D0E3}"
	ProjectSection(ProjectDependencies) = postProject
		{A4FC0DAA-0F9D-3504-A77A-4B326D389218} = {A4FC0DAA-0F9D-3504-A77A-4B326D389218}
		{8288D9BB-A600-3DD4-80C9-F80C2A28DE92} = {8288D9BB-A600-3DD4-80C9-F80C2A28DE92}
	EndProjectSection
EndProject
Project("{8BC9CEB8-8B4A-11D0-8D11-00A0C91BC942}") = "timeout", "tests\timeout.vcxproj", "{BEBFB1D4-0AB5-3A19-87E7-02484E65CEB7}"
	ProjectSection(ProjectDependencies) = postProject
		{A4FC0DAA-0F9D-3504-A77A-4B326D389218} = {A4FC0DAA-0F9D-3504-A77A-4B326D389218}
		{8288D9BB-A600-3DD4-80C9-F80C2A28DE92} = {8288D9BB-A600-3DD4-80C9-F80C2A28DE92}
	EndProjectSection
EndProject
Project("{8BC9CEB8-8B4A-11D0-8D11-00A0C91BC942}") = "title", "tests\title.vcxproj", "{3766E086-D72E-3E5F-AF71-A597235204D8}"
	ProjectSection(ProjectDependencies) = postProject
		{A4FC0DAA-0F9D-3504-A77A-4B326D389218} = {A4FC0DAA-0F9D-3504-A77A-4B326D389218}
		{8288D9BB-A600-3DD4-80C9-F80C2A28DE92} = {8288D9BB-A600-3DD4-80C9-F80C2A28DE92}
	EndProjectSection
EndProject
Project("{8BC9CEB8-8B4A-11D0-8D11-00A0C91BC942}") = "triangle-vulkan", "tests\triangle-vulkan.vcxproj", "{1F4D1FFC-5573-311F-997A-AD81BF86940B}"
	ProjectSection(ProjectDependencies) = postProject
		{A4FC0DAA-0F9D-3504-A77A-4B326D389218} = {A4FC0DAA-0F9D-3504-A77A-4B326D389218}
		{8288D9BB-A600-3DD4-80C9-F80C2A28DE92} = {8288D9BB-A600-3DD4-80C9-F80C2A28DE92}
	EndProjectSection
EndProject
Project("{8BC9CEB8-8B4A-11D0-8D11-00A0C91BC942}") = "uninstall", "uninstall.vcxproj", "{509E7841-AC13-3364-A9A2-D73005D3A75F}"
	ProjectSection(ProjectDependencies) = postProject
		{A4FC0DAA-0F9D-3504-A77A-4B326D389218} = {A4FC0DAA-0F9D-3504-A77A-4B326D389218}
	EndProjectSection
EndProject
Project("{8BC9CEB8-8B4A-11D0-8D11-00A0C91BC942}") = "update_mappings", "src\update_mappings.vcxproj", "{49B31BF9-D3C7-3FD7-B4C4-204C9A5F6373}"
	ProjectSection(ProjectDependencies) = postProject
		{A4FC0DAA-0F9D-3504-A77A-4B326D389218} = {A4FC0DAA-0F9D-3504-A77A-4B326D389218}
	EndProjectSection
EndProject
Project("{8BC9CEB8-8B4A-11D0-8D11-00A0C91BC942}") = "wave", "examples\wave.vcxproj", "{7D29CBF6-5E51-3A67-8DC6-AF9CEE67C655}"
	ProjectSection(ProjectDependencies) = postProject
		{A4FC0DAA-0F9D-3504-A77A-4B326D389218} = {A4FC0DAA-0F9D-3504-A77A-4B326D389218}
		{8288D9BB-A600-3DD4-80C9-F80C2A28DE92} = {8288D9BB-A600-3DD4-80C9-F80C2A28DE92}
	EndProjectSection
EndProject
Project("{8BC9CEB8-8B4A-11D0-8D11-00A0C91BC942}") = "windows", "tests\windows.vcxproj", "{D1EEBF06-B60D-3C7B-BDDE-8C44E7834B62}"
	ProjectSection(ProjectDependencies) = postProject
		{A4FC0DAA-0F9D-3504-A77A-4B326D389218} = {A4FC0DAA-0F9D-3504-A77A-4B326D389218}
		{8288D9BB-A600-3DD4-80C9-F80C2A28DE92} = {8288D9BB-A600-3DD4-80C9-F80C2A28DE92}
	EndProjectSection
EndProject
Global
	GlobalSection(SolutionConfigurationPlatforms) = preSolution
		Debug|x64 = Debug|x64
		Release|x64 = Release|x64
		MinSizeRel|x64 = MinSizeRel|x64
		RelWithDebInfo|x64 = RelWithDebInfo|x64
	EndGlobalSection
	GlobalSection(ProjectConfigurationPlatforms) = postSolution
		{20A50AAC-E5CB-3FC6-A3E0-277792EC30EA}.Debug|x64.ActiveCfg = Debug|x64
		{20A50AAC-E5CB-3FC6-A3E0-277792EC30EA}.Debug|x64.Build.0 = Debug|x64
		{20A50AAC-E5CB-3FC6-A3E0-277792EC30EA}.Release|x64.ActiveCfg = Release|x64
		{20A50AAC-E5CB-3FC6-A3E0-277792EC30EA}.Release|x64.Build.0 = Release|x64
		{20A50AAC-E5CB-3FC6-A3E0-277792EC30EA}.MinSizeRel|x64.ActiveCfg = MinSizeRel|x64
		{20A50AAC-E5CB-3FC6-A3E0-277792EC30EA}.MinSizeRel|x64.Build.0 = MinSizeRel|x64
		{20A50AAC-E5CB-3FC6-A3E0-277792EC30EA}.RelWithDebInfo|x64.ActiveCfg = RelWithDebInfo|x64
		{20A50AAC-E5CB-3FC6-A3E0-277792EC30EA}.RelWithDebInfo|x64.Build.0 = RelWithDebInfo|x64
		{0D21013E-F8C5-3CCB-8D2E-18A9AE9618AF}.Debug|x64.ActiveCfg = Debug|x64
		{0D21013E-F8C5-3CCB-8D2E-18A9AE9618AF}.Release|x64.ActiveCfg = Release|x64
		{0D21013E-F8C5-3CCB-8D2E-18A9AE9618AF}.MinSizeRel|x64.ActiveCfg = MinSizeRel|x64
		{0D21013E-F8C5-3CCB-8D2E-18A9AE9618AF}.RelWithDebInfo|x64.ActiveCfg = RelWithDebInfo|x64
		{A4FC0DAA-0F9D-3504-A77A-4B326D389218}.Debug|x64.ActiveCfg = Debug|x64
		{A4FC0DAA-0F9D-3504-A77A-4B326D389218}.Debug|x64.Build.0 = Debug|x64
		{A4FC0DAA-0F9D-3504-A77A-4B326D389218}.Release|x64.ActiveCfg = Release|x64
		{A4FC0DAA-0F9D-3504-A77A-4B326D389218}.Release|x64.Build.0 = Release|x64
		{A4FC0DAA-0F9D-3504-A77A-4B326D389218}.MinSizeRel|x64.ActiveCfg = MinSizeRel|x64
		{A4FC0DAA-0F9D-3504-A77A-4B326D389218}.MinSizeRel|x64.Build.0 = MinSizeRel|x64
		{A4FC0DAA-0F9D-3504-A77A-4B326D389218}.RelWithDebInfo|x64.ActiveCfg = RelWithDebInfo|x64
		{A4FC0DAA-0F9D-3504-A77A-4B326D389218}.RelWithDebInfo|x64.Build.0 = RelWithDebInfo|x64
		{846A0992-BA6C-3485-985B-895D53381E2F}.Debug|x64.ActiveCfg = Debug|x64
		{846A0992-BA6C-3485-985B-895D53381E2F}.Debug|x64.Build.0 = Debug|x64
		{846A0992-BA6C-3485-985B-895D53381E2F}.Release|x64.ActiveCfg = Release|x64
		{846A0992-BA6C-3485-985B-895D53381E2F}.Release|x64.Build.0 = Release|x64
		{846A0992-BA6C-3485-985B-895D53381E2F}.MinSizeRel|x64.ActiveCfg = MinSizeRel|x64
		{846A0992-BA6C-3485-985B-895D53381E2F}.MinSizeRel|x64.Build.0 = MinSizeRel|x64
		{846A0992-BA6C-3485-985B-895D53381E2F}.RelWithDebInfo|x64.ActiveCfg = RelWithDebInfo|x64
		{846A0992-BA6C-3485-985B-895D53381E2F}.RelWithDebInfo|x64.Build.0 = RelWithDebInfo|x64
		{B955E649-962A-3910-B217-E11DF638C438}.Debug|x64.ActiveCfg = Debug|x64
		{B955E649-962A-3910-B217-E11DF638C438}.Debug|x64.Build.0 = Debug|x64
		{B955E649-962A-3910-B217-E11DF638C438}.Release|x64.ActiveCfg = Release|x64
		{B955E649-962A-3910-B217-E11DF638C438}.Release|x64.Build.0 = Release|x64
		{B955E649-962A-3910-B217-E11DF638C438}.MinSizeRel|x64.ActiveCfg = MinSizeRel|x64
		{B955E649-962A-3910-B217-E11DF638C438}.MinSizeRel|x64.Build.0 = MinSizeRel|x64
		{B955E649-962A-3910-B217-E11DF638C438}.RelWithDebInfo|x64.ActiveCfg = RelWithDebInfo|x64
		{B955E649-962A-3910-B217-E11DF638C438}.RelWithDebInfo|x64.Build.0 = RelWithDebInfo|x64
		{C22A6C8E-F053-3097-9370-B19A8BBC52EA}.Debug|x64.ActiveCfg = Debug|x64
		{C22A6C8E-F053-3097-9370-B19A8BBC52EA}.Debug|x64.Build.0 = Debug|x64
		{C22A6C8E-F053-3097-9370-B19A8BBC52EA}.Release|x64.ActiveCfg = Release|x64
		{C22A6C8E-F053-3097-9370-B19A8BBC52EA}.Release|x64.Build.0 = Release|x64
		{C22A6C8E-F053-3097-9370-B19A8BBC52EA}.MinSizeRel|x64.ActiveCfg = MinSizeRel|x64
		{C22A6C8E-F053-3097-9370-B19A8BBC52EA}.MinSizeRel|x64.Build.0 = MinSizeRel|x64
		{C22A6C8E-F053-3097-9370-B19A8BBC52EA}.RelWithDebInfo|x64.ActiveCfg = RelWithDebInfo|x64
		{C22A6C8E-F053-3097-9370-B19A8BBC52EA}.RelWithDebInfo|x64.Build.0 = RelWithDebInfo|x64
		{A302B2F0-62A1-3350-9EDE-529E1CF81669}.Debug|x64.ActiveCfg = Debug|x64
		{A302B2F0-62A1-3350-9EDE-529E1CF81669}.Debug|x64.Build.0 = Debug|x64
		{A302B2F0-62A1-3350-9EDE-529E1CF81669}.Release|x64.ActiveCfg = Release|x64
		{A302B2F0-62A1-3350-9EDE-529E1CF81669}.Release|x64.Build.0 = Release|x64
		{A302B2F0-62A1-3350-9EDE-529E1CF81669}.MinSizeRel|x64.ActiveCfg = MinSizeRel|x64
		{A302B2F0-62A1-3350-9EDE-529E1CF81669}.MinSizeRel|x64.Build.0 = MinSizeRel|x64
		{A302B2F0-62A1-3350-9EDE-529E1CF81669}.RelWithDebInfo|x64.ActiveCfg = RelWithDebInfo|x64
		{A302B2F0-62A1-3350-9EDE-529E1CF81669}.RelWithDebInfo|x64.Build.0 = RelWithDebInfo|x64
		{FF5B703D-0504-3175-A1CE-4D351B0BBC44}.Debug|x64.ActiveCfg = Debug|x64
		{FF5B703D-0504-3175-A1CE-4D351B0BBC44}.Debug|x64.Build.0 = Debug|x64
		{FF5B703D-0504-3175-A1CE-4D351B0BBC44}.Release|x64.ActiveCfg = Release|x64
		{FF5B703D-0504-3175-A1CE-4D351B0BBC44}.Release|x64.Build.0 = Release|x64
		{FF5B703D-0504-3175-A1CE-4D351B0BBC44}.MinSizeRel|x64.ActiveCfg = MinSizeRel|x64
		{FF5B703D-0504-3175-A1CE-4D351B0BBC44}.MinSizeRel|x64.Build.0 = MinSizeRel|x64
		{FF5B703D-0504-3175-A1CE-4D351B0BBC44}.RelWithDebInfo|x64.ActiveCfg = RelWithDebInfo|x64
		{FF5B703D-0504-3175-A1CE-4D351B0BBC44}.RelWithDebInfo|x64.Build.0 = RelWithDebInfo|x64
		{1A5A44E0-AB5C-3008-8EA0-B11F4012C316}.Debug|x64.ActiveCfg = Debug|x64
		{1A5A44E0-AB5C-3008-8EA0-B11F4012C316}.Debug|x64.Build.0 = Debug|x64
		{1A5A44E0-AB5C-3008-8EA0-B11F4012C316}.Release|x64.ActiveCfg = Release|x64
		{1A5A44E0-AB5C-3008-8EA0-B11F4012C316}.Release|x64.Build.0 = Release|x64
		{1A5A44E0-AB5C-3008-8EA0-B11F4012C316}.MinSizeRel|x64.ActiveCfg = MinSizeRel|x64
		{1A5A44E0-AB5C-3008-8EA0-B11F4012C316}.MinSizeRel|x64.Build.0 = MinSizeRel|x64
		{1A5A44E0-AB5C-3008-8EA0-B11F4012C316}.RelWithDebInfo|x64.ActiveCfg = RelWithDebInfo|x64
		{1A5A44E0-AB5C-3008-8EA0-B11F4012C316}.RelWithDebInfo|x64.Build.0 = RelWithDebInfo|x64
		{A0005C53-ADC7-3543-89E5-D53C94AAE762}.Debug|x64.ActiveCfg = Debug|x64
		{A0005C53-ADC7-3543-89E5-D53C94AAE762}.Debug|x64.Build.0 = Debug|x64
		{A0005C53-ADC7-3543-89E5-D53C94AAE762}.Release|x64.ActiveCfg = Release|x64
		{A0005C53-ADC7-3543-89E5-D53C94AAE762}.Release|x64.Build.0 = Release|x64
		{A0005C53-ADC7-3543-89E5-D53C94AAE762}.MinSizeRel|x64.ActiveCfg = MinSizeRel|x64
		{A0005C53-ADC7-3543-89E5-D53C94AAE762}.MinSizeRel|x64.Build.0 = MinSizeRel|x64
		{A0005C53-ADC7-3543-89E5-D53C94AAE762}.RelWithDebInfo|x64.ActiveCfg = RelWithDebInfo|x64
		{A0005C53-ADC7-3543-89E5-D53C94AAE762}.RelWithDebInfo|x64.Build.0 = RelWithDebInfo|x64
		{8288D9BB-A600-3DD4-80C9-F80C2A28DE92}.Debug|x64.ActiveCfg = Debug|x64
		{8288D9BB-A600-3DD4-80C9-F80C2A28DE92}.Debug|x64.Build.0 = Debug|x64
		{8288D9BB-A600-3DD4-80C9-F80C2A28DE92}.Release|x64.ActiveCfg = Release|x64
		{8288D9BB-A600-3DD4-80C9-F80C2A28DE92}.Release|x64.Build.0 = Release|x64
		{8288D9BB-A600-3DD4-80C9-F80C2A28DE92}.MinSizeRel|x64.ActiveCfg = MinSizeRel|x64
		{8288D9BB-A600-3DD4-80C9-F80C2A28DE92}.MinSizeRel|x64.Build.0 = MinSizeRel|x64
		{8288D9BB-A600-3DD4-80C9-F80C2A28DE92}.RelWithDebInfo|x64.ActiveCfg = RelWithDebInfo|x64
		{8288D9BB-A600-3DD4-80C9-F80C2A28DE92}.RelWithDebInfo|x64.Build.0 = RelWithDebInfo|x64
		{63235B3F-2158-301F-9FD7-1BEBF6C04F88}.Debug|x64.ActiveCfg = Debug|x64
		{63235B3F-2158-301F-9FD7-1BEBF6C04F88}.Debug|x64.Build.0 = Debug|x64
		{63235B3F-2158-301F-9FD7-1BEBF6C04F88}.Release|x64.ActiveCfg = Release|x64
		{63235B3F-2158-301F-9FD7-1BEBF6C04F88}.Release|x64.Build.0 = Release|x64
		{63235B3F-2158-301F-9FD7-1BEBF6C04F88}.MinSizeRel|x64.ActiveCfg = MinSizeRel|x64
		{63235B3F-2158-301F-9FD7-1BEBF6C04F88}.MinSizeRel|x64.Build.0 = MinSizeRel|x64
		{63235B3F-2158-301F-9FD7-1BEBF6C04F88}.RelWithDebInfo|x64.ActiveCfg = RelWithDebInfo|x64
		{63235B3F-2158-301F-9FD7-1BEBF6C04F88}.RelWithDebInfo|x64.Build.0 = RelWithDebInfo|x64
		{D2271279-F671-3591-9B14-A7F60E5F245E}.Debug|x64.ActiveCfg = Debug|x64
		{D2271279-F671-3591-9B14-A7F60E5F245E}.Debug|x64.Build.0 = Debug|x64
		{D2271279-F671-3591-9B14-A7F60E5F245E}.Release|x64.ActiveCfg = Release|x64
		{D2271279-F671-3591-9B14-A7F60E5F245E}.Release|x64.Build.0 = Release|x64
		{D2271279-F671-3591-9B14-A7F60E5F245E}.MinSizeRel|x64.ActiveCfg = MinSizeRel|x64
		{D2271279-F671-3591-9B14-A7F60E5F245E}.MinSizeRel|x64.Build.0 = MinSizeRel|x64
		{D2271279-F671-3591-9B14-A7F60E5F245E}.RelWithDebInfo|x64.ActiveCfg = RelWithDebInfo|x64
		{D2271279-F671-3591-9B14-A7F60E5F245E}.RelWithDebInfo|x64.Build.0 = RelWithDebInfo|x64
		{619DDD98-D889-3D68-B376-800143866936}.Debug|x64.ActiveCfg = Debug|x64
		{619DDD98-D889-3D68-B376-800143866936}.Debug|x64.Build.0 = Debug|x64
		{619DDD98-D889-3D68-B376-800143866936}.Release|x64.ActiveCfg = Release|x64
		{619DDD98-D889-3D68-B376-800143866936}.Release|x64.Build.0 = Release|x64
		{619DDD98-D889-3D68-B376-800143866936}.MinSizeRel|x64.ActiveCfg = MinSizeRel|x64
		{619DDD98-D889-3D68-B376-800143866936}.MinSizeRel|x64.Build.0 = MinSizeRel|x64
		{619DDD98-D889-3D68-B376-800143866936}.RelWithDebInfo|x64.ActiveCfg = RelWithDebInfo|x64
		{619DDD98-D889-3D68-B376-800143866936}.RelWithDebInfo|x64.Build.0 = RelWithDebInfo|x64
		{CD095019-142A-3378-A6ED-18851A963F14}.Debug|x64.ActiveCfg = Debug|x64
		{CD095019-142A-3378-A6ED-18851A963F14}.Debug|x64.Build.0 = Debug|x64
		{CD095019-142A-3378-A6ED-18851A963F14}.Release|x64.ActiveCfg = Release|x64
		{CD095019-142A-3378-A6ED-18851A963F14}.Release|x64.Build.0 = Release|x64
		{CD095019-142A-3378-A6ED-18851A963F14}.MinSizeRel|x64.ActiveCfg = MinSizeRel|x64
		{CD095019-142A-3378-A6ED-18851A963F14}.MinSizeRel|x64.Build.0 = MinSizeRel|x64
		{CD095019-142A-3378-A6ED-18851A963F14}.RelWithDebInfo|x64.ActiveCfg = RelWithDebInfo|x64
		{CD095019-142A-3378-A6ED-18851A963F14}.RelWithDebInfo|x64.Build.0 = RelWithDebInfo|x64
		{C941C7F5-428B-3E10-9D9A-01DCEC6E3F24}.Debug|x64.ActiveCfg = Debug|x64
		{C941C7F5-428B-3E10-9D9A-01DCEC6E3F24}.Debug|x64.Build.0 = Debug|x64
		{C941C7F5-428B-3E10-9D9A-01DCEC6E3F24}.Release|x64.ActiveCfg = Release|x64
		{C941C7F5-428B-3E10-9D9A-01DCEC6E3F24}.Release|x64.Build.0 = Release|x64
		{C941C7F5-428B-3E10-9D9A-01DCEC6E3F24}.MinSizeRel|x64.ActiveCfg = MinSizeRel|x64
		{C941C7F5-428B-3E10-9D9A-01DCEC6E3F24}.MinSizeRel|x64.Build.0 = MinSizeRel|x64
		{C941C7F5-428B-3E10-9D9A-01DCEC6E3F24}.RelWithDebInfo|x64.ActiveCfg = RelWithDebInfo|x64
		{C941C7F5-428B-3E10-9D9A-01DCEC6E3F24}.RelWithDebInfo|x64.Build.0 = RelWithDebInfo|x64
		{1EA6F595-C87E-338F-B1F2-5CAF41809299}.Debug|x64.ActiveCfg = Debug|x64
		{1EA6F595-C87E-338F-B1F2-5CAF41809299}.Debug|x64.Build.0 = Debug|x64
		{1EA6F595-C87E-338F-B1F2-5CAF41809299}.Release|x64.ActiveCfg = Release|x64
		{1EA6F595-C87E-338F-B1F2-5CAF41809299}.Release|x64.Build.0 = Release|x64
		{1EA6F595-C87E-338F-B1F2-5CAF41809299}.MinSizeRel|x64.ActiveCfg = MinSizeRel|x64
		{1EA6F595-C87E-338F-B1F2-5CAF41809299}.MinSizeRel|x64.Build.0 = MinSizeRel|x64
		{1EA6F595-C87E-338F-B1F2-5CAF41809299}.RelWithDebInfo|x64.ActiveCfg = RelWithDebInfo|x64
		{1EA6F595-C87E-338F-B1F2-5CAF41809299}.RelWithDebInfo|x64.Build.0 = RelWithDebInfo|x64
		{A05EF39D-656F-3135-ACAD-1F2DD16D5ADB}.Debug|x64.ActiveCfg = Debug|x64
		{A05EF39D-656F-3135-ACAD-1F2DD16D5ADB}.Debug|x64.Build.0 = Debug|x64
		{A05EF39D-656F-3135-ACAD-1F2DD16D5ADB}.Release|x64.ActiveCfg = Release|x64
		{A05EF39D-656F-3135-ACAD-1F2DD16D5ADB}.Release|x64.Build.0 = Release|x64
		{A05EF39D-656F-3135-ACAD-1F2DD16D5ADB}.MinSizeRel|x64.ActiveCfg = MinSizeRel|x64
		{A05EF39D-656F-3135-ACAD-1F2DD16D5ADB}.MinSizeRel|x64.Build.0 = MinSizeRel|x64
		{A05EF39D-656F-3135-ACAD-1F2DD16D5ADB}.RelWithDebInfo|x64.ActiveCfg = RelWithDebInfo|x64
		{A05EF39D-656F-3135-ACAD-1F2DD16D5ADB}.RelWithDebInfo|x64.Build.0 = RelWithDebInfo|x64
		{DDC7ED4C-9E29-390D-B612-98F81B2374FA}.Debug|x64.ActiveCfg = Debug|x64
		{DDC7ED4C-9E29-390D-B612-98F81B2374FA}.Debug|x64.Build.0 = Debug|x64
		{DDC7ED4C-9E29-390D-B612-98F81B2374FA}.Release|x64.ActiveCfg = Release|x64
		{DDC7ED4C-9E29-390D-B612-98F81B2374FA}.Release|x64.Build.0 = Release|x64
		{DDC7ED4C-9E29-390D-B612-98F81B2374FA}.MinSizeRel|x64.ActiveCfg = MinSizeRel|x64
		{DDC7ED4C-9E29-390D-B612-98F81B2374FA}.MinSizeRel|x64.Build.0 = MinSizeRel|x64
		{DDC7ED4C-9E29-390D-B612-98F81B2374FA}.RelWithDebInfo|x64.ActiveCfg = RelWithDebInfo|x64
		{DDC7ED4C-9E29-390D-B612-98F81B2374FA}.RelWithDebInfo|x64.Build.0 = RelWithDebInfo|x64
		{7128FAB9-5C1B-3740-BA37-C1CAFF03178D}.Debug|x64.ActiveCfg = Debug|x64
		{7128FAB9-5C1B-3740-BA37-C1CAFF03178D}.Debug|x64.Build.0 = Debug|x64
		{7128FAB9-5C1B-3740-BA37-C1CAFF03178D}.Release|x64.ActiveCfg = Release|x64
		{7128FAB9-5C1B-3740-BA37-C1CAFF03178D}.Release|x64.Build.0 = Release|x64
		{7128FAB9-5C1B-3740-BA37-C1CAFF03178D}.MinSizeRel|x64.ActiveCfg = MinSizeRel|x64
		{7128FAB9-5C1B-3740-BA37-C1CAFF03178D}.MinSizeRel|x64.Build.0 = MinSizeRel|x64
		{7128FAB9-5C1B-3740-BA37-C1CAFF03178D}.RelWithDebInfo|x64.ActiveCfg = RelWithDebInfo|x64
		{7128FAB9-5C1B-3740-BA37-C1CAFF03178D}.RelWithDebInfo|x64.Build.0 = RelWithDebInfo|x64
		{ADE76409-513D-3764-8C6B-CC4C9D1574F8}.Debug|x64.ActiveCfg = Debug|x64
		{ADE76409-513D-3764-8C6B-CC4C9D1574F8}.Debug|x64.Build.0 = Debug|x64
		{ADE76409-513D-3764-8C6B-CC4C9D1574F8}.Release|x64.ActiveCfg = Release|x64
		{ADE76409-513D-3764-8C6B-CC4C9D1574F8}.Release|x64.Build.0 = Release|x64
		{ADE76409-513D-3764-8C6B-CC4C9D1574F8}.MinSizeRel|x64.ActiveCfg = MinSizeRel|x64
		{ADE76409-513D-3764-8C6B-CC4C9D1574F8}.MinSizeRel|x64.Build.0 = MinSizeRel|x64
		{ADE76409-513D-3764-8C6B-CC4C9D1574F8}.RelWithDebInfo|x64.ActiveCfg = RelWithDebInfo|x64
		{ADE76409-513D-3764-8C6B-CC4C9D1574F8}.RelWithDebInfo|x64.Build.0 = RelWithDebInfo|x64
		{C9ED14D4-FC9E-3665-A28C-4CBD31FF2C06}.Debug|x64.ActiveCfg = Debug|x64
		{C9ED14D4-FC9E-3665-A28C-4CBD31FF2C06}.Debug|x64.Build.0 = Debug|x64
		{C9ED14D4-FC9E-3665-A28C-4CBD31FF2C06}.Release|x64.ActiveCfg = Release|x64
		{C9ED14D4-FC9E-3665-A28C-4CBD31FF2C06}.Release|x64.Build.0 = Release|x64
		{C9ED14D4-FC9E-3665-A28C-4CBD31FF2C06}.MinSizeRel|x64.ActiveCfg = MinSizeRel|x64
		{C9ED14D4-FC9E-3665-A28C-4CBD31FF2C06}.MinSizeRel|x64.Build.0 = MinSizeRel|x64
		{C9ED14D4-FC9E-3665-A28C-4CBD31FF2C06}.RelWithDebInfo|x64.ActiveCfg = RelWithDebInfo|x64
		{C9ED14D4-FC9E-3665-A28C-4CBD31FF2C06}.RelWithDebInfo|x64.Build.0 = RelWithDebInfo|x64
		{248B2A07-DE45-3724-88B8-0309E1BE3440}.Debug|x64.ActiveCfg = Debug|x64
		{248B2A07-DE45-3724-88B8-0309E1BE3440}.Debug|x64.Build.0 = Debug|x64
		{248B2A07-DE45-3724-88B8-0309E1BE3440}.Release|x64.ActiveCfg = Release|x64
		{248B2A07-DE45-3724-88B8-0309E1BE3440}.Release|x64.Build.0 = Release|x64
		{248B2A07-DE45-3724-88B8-0309E1BE3440}.MinSizeRel|x64.ActiveCfg = MinSizeRel|x64
		{248B2A07-DE45-3724-88B8-0309E1BE3440}.MinSizeRel|x64.Build.0 = MinSizeRel|x64
		{248B2A07-DE45-3724-88B8-0309E1BE3440}.RelWithDebInfo|x64.ActiveCfg = RelWithDebInfo|x64
		{248B2A07-DE45-3724-88B8-0309E1BE3440}.RelWithDebInfo|x64.Build.0 = RelWithDebInfo|x64
		{63D32A82-3074-35C2-B8C6-F5198B934AB5}.Debug|x64.ActiveCfg = Debug|x64
		{63D32A82-3074-35C2-B8C6-F5198B934AB5}.Debug|x64.Build.0 = Debug|x64
		{63D32A82-3074-35C2-B8C6-F5198B934AB5}.Release|x64.ActiveCfg = Release|x64
		{63D32A82-3074-35C2-B8C6-F5198B934AB5}.Release|x64.Build.0 = Release|x64
		{63D32A82-3074-35C2-B8C6-F5198B934AB5}.MinSizeRel|x64.ActiveCfg = MinSizeRel|x64
		{63D32A82-3074-35C2-B8C6-F5198B934AB5}.MinSizeRel|x64.Build.0 = MinSizeRel|x64
		{63D32A82-3074-35C2-B8C6-F5198B934AB5}.RelWithDebInfo|x64.ActiveCfg = RelWithDebInfo|x64
		{63D32A82-3074-35C2-B8C6-F5198B934AB5}.RelWithDebInfo|x64.Build.0 = RelWithDebInfo|x64
		{277BD2C9-0932-3FAE-A5F0-6F1D3BDF084B}.Debug|x64.ActiveCfg = Debug|x64
		{277BD2C9-0932-3FAE-A5F0-6F1D3BDF084B}.Debug|x64.Build.0 = Debug|x64
		{277BD2C9-0932-3FAE-A5F0-6F1D3BDF084B}.Release|x64.ActiveCfg = Release|x64
		{277BD2C9-0932-3FAE-A5F0-6F1D3BDF084B}.Release|x64.Build.0 = Release|x64
		{277BD2C9-0932-3FAE-A5F0-6F1D3BDF084B}.MinSizeRel|x64.ActiveCfg = MinSizeRel|x64
		{277BD2C9-0932-3FAE-A5F0-6F1D3BDF084B}.MinSizeRel|x64.Build.0 = MinSizeRel|x64
		{277BD2C9-0932-3FAE-A5F0-6F1D3BDF084B}.RelWithDebInfo|x64.ActiveCfg = RelWithDebInfo|x64
		{277BD2C9-0932-3FAE-A5F0-6F1D3BDF084B}.RelWithDebInfo|x64.Build.0 = RelWithDebInfo|x64
		{A11A2B99-8BCB-3DB7-8904-02B9C40FE877}.Debug|x64.ActiveCfg = Debug|x64
		{A11A2B99-8BCB-3DB7-8904-02B9C40FE877}.Debug|x64.Build.0 = Debug|x64
		{A11A2B99-8BCB-3DB7-8904-02B9C40FE877}.Release|x64.ActiveCfg = Release|x64
		{A11A2B99-8BCB-3DB7-8904-02B9C40FE877}.Release|x64.Build.0 = Release|x64
		{A11A2B99-8BCB-3DB7-8904-02B9C40FE877}.MinSizeRel|x64.ActiveCfg = MinSizeRel|x64
		{A11A2B99-8BCB-3DB7-8904-02B9C40FE877}.MinSizeRel|x64.Build.0 = MinSizeRel|x64
		{A11A2B99-8BCB-3DB7-8904-02B9C40FE877}.RelWithDebInfo|x64.ActiveCfg = RelWithDebInfo|x64
		{A11A2B99-8BCB-3DB7-8904-02B9C40FE877}.RelWithDebInfo|x64.Build.0 = RelWithDebInfo|x64
		{143A1CE5-6A71-3B83-8B33-DA035EC90F04}.Debug|x64.ActiveCfg = Debug|x64
		{143A1CE5-6A71-3B83-8B33-DA035EC90F04}.Debug|x64.Build.0 = Debug|x64
		{143A1CE5-6A71-3B83-8B33-DA035EC90F04}.Release|x64.ActiveCfg = Release|x64
		{143A1CE5-6A71-3B83-8B33-DA035EC90F04}.Release|x64.Build.0 = Release|x64
		{143A1CE5-6A71-3B83-8B33-DA035EC90F04}.MinSizeRel|x64.ActiveCfg = MinSizeRel|x64
		{143A1CE5-6A71-3B83-8B33-DA035EC90F04}.MinSizeRel|x64.Build.0 = MinSizeRel|x64
		{143A1CE5-6A71-3B83-8B33-DA035EC90F04}.RelWithDebInfo|x64.ActiveCfg = RelWithDebInfo|x64
		{143A1CE5-6A71-3B83-8B33-DA035EC90F04}.RelWithDebInfo|x64.Build.0 = RelWithDebInfo|x64
		{7C278B63-D113-32EC-A9BB-47FDF0D5D0E3}.Debug|x64.ActiveCfg = Debug|x64
		{7C278B63-D113-32EC-A9BB-47FDF0D5D0E3}.Debug|x64.Build.0 = Debug|x64
		{7C278B63-D113-32EC-A9BB-47FDF0D5D0E3}.Release|x64.ActiveCfg = Release|x64
		{7C278B63-D113-32EC-A9BB-47FDF0D5D0E3}.Release|x64.Build.0 = Release|x64
		{7C278B63-D113-32EC-A9BB-47FDF0D5D0E3}.MinSizeRel|x64.ActiveCfg = MinSizeRel|x64
		{7C278B63-D113-32EC-A9BB-47FDF0D5D0E3}.MinSizeRel|x64.Build.0 = MinSizeRel|x64
		{7C278B63-D113-32EC-A9BB-47FDF0D5D0E3}.RelWithDebInfo|x64.ActiveCfg = RelWithDebInfo|x64
		{7C278B63-D113-32EC-A9BB-47FDF0D5D0E3}.RelWithDebInfo|x64.Build.0 = RelWithDebInfo|x64
		{BEBFB1D4-0AB5-3A19-87E7-02484E65CEB7}.Debug|x64.ActiveCfg = Debug|x64
		{BEBFB1D4-0AB5-3A19-87E7-02484E65CEB7}.Debug|x64.Build.0 = Debug|x64
		{BEBFB1D4-0AB5-3A19-87E7-02484E65CEB7}.Release|x64.ActiveCfg = Release|x64
		{BEBFB1D4-0AB5-3A19-87E7-02484E65CEB7}.Release|x64.Build.0 = Release|x64
		{BEBFB1D4-0AB5-3A19-87E7-02484E65CEB7}.MinSizeRel|x64.ActiveCfg = MinSizeRel|x64
		{BEBFB1D4-0AB5-3A19-87E7-02484E65CEB7}.MinSizeRel|x64.Build.0 = MinSizeRel|x64
		{BEBFB1D4-0AB5-3A19-87E7-02484E65CEB7}.RelWithDebInfo|x64.ActiveCfg = RelWithDebInfo|x64
		{BEBFB1D4-0AB5-3A19-87E7-02484E65CEB7}.RelWithDebInfo|x64.Build.0 = RelWithDebInfo|x64
		{3766E086-D72E-3E5F-AF71-A597235204D8}.Debug|x64.ActiveCfg = Debug|x64
		{3766E086-D72E-3E5F-AF71-A597235204D8}.Debug|x64.Build.0 = Debug|x64
		{3766E086-D72E-3E5F-AF71-A597235204D8}.Release|x64.ActiveCfg = Release|x64
		{3766E086-D72E-3E5F-AF71-A597235204D8}.Release|x64.Build.0 = Release|x64
		{3766E086-D72E-3E5F-AF71-A597235204D8}.MinSizeRel|x64.ActiveCfg = MinSizeRel|x64
		{3766E086-D72E-3E5F-AF71-A597235204D8}.MinSizeRel|x64.Build.0 = MinSizeRel|x64
		{3766E086-D72E-3E5F-AF71-A597235204D8}.RelWithDebInfo|x64.ActiveCfg = RelWithDebInfo|x64
		{3766E086-D72E-3E5F-AF71-A597235204D8}.RelWithDebInfo|x64.Build.0 = RelWithDebInfo|x64
		{1F4D1FFC-5573-311F-997A-AD81BF86940B}.Debug|x64.ActiveCfg = Debug|x64
		{1F4D1FFC-5573-311F-997A-AD81BF86940B}.Debug|x64.Build.0 = Debug|x64
		{1F4D1FFC-5573-311F-997A-AD81BF86940B}.Release|x64.ActiveCfg = Release|x64
		{1F4D1FFC-5573-311F-997A-AD81BF86940B}.Release|x64.Build.0 = Release|x64
		{1F4D1FFC-5573-311F-997A-AD81BF86940B}.MinSizeRel|x64.ActiveCfg = MinSizeRel|x64
		{1F4D1FFC-5573-311F-997A-AD81BF86940B}.MinSizeRel|x64.Build.0 = MinSizeRel|x64
		{1F4D1FFC-5573-311F-997A-AD81BF86940B}.RelWithDebInfo|x64.ActiveCfg = RelWithDebInfo|x64
		{1F4D1FFC-5573-311F-997A-AD81BF86940B}.RelWithDebInfo|x64.Build.0 = RelWithDebInfo|x64
		{509E7841-AC13-3364-A9A2-D73005D3A75F}.Debug|x64.ActiveCfg = Debug|x64
		{509E7841-AC13-3364-A9A2-D73005D3A75F}.Release|x64.ActiveCfg = Release|x64
		{509E7841-AC13-3364-A9A2-D73005D3A75F}.MinSizeRel|x64.ActiveCfg = MinSizeRel|x64
		{509E7841-AC13-3364-A9A2-D73005D3A75F}.RelWithDebInfo|x64.ActiveCfg = RelWithDebInfo|x64
		{49B31BF9-D3C7-3FD7-B4C4-204C9A5F6373}.Debug|x64.ActiveCfg = Debug|x64
		{49B31BF9-D3C7-3FD7-B4C4-204C9A5F6373}.Release|x64.ActiveCfg = Release|x64
		{49B31BF9-D3C7-3FD7-B4C4-204C9A5F6373}.MinSizeRel|x64.ActiveCfg = MinSizeRel|x64
		{49B31BF9-D3C7-3FD7-B4C4-204C9A5F6373}.RelWithDebInfo|x64.ActiveCfg = RelWithDebInfo|x64
		{7D29CBF6-5E51-3A67-8DC6-AF9CEE67C655}.Debug|x64.ActiveCfg = Debug|x64
		{7D29CBF6-5E51-3A67-8DC6-AF9CEE67C655}.Debug|x64.Build.0 = Debug|x64
		{7D29CBF6-5E51-3A67-8DC6-AF9CEE67C655}.Release|x64.ActiveCfg = Release|x64
		{7D29CBF6-5E51-3A67-8DC6-AF9CEE67C655}.Release|x64.Build.0 = Release|x64
		{7D29CBF6-5E51-3A67-8DC6-AF9CEE67C655}.MinSizeRel|x64.ActiveCfg = MinSizeRel|x64
		{7D29CBF6-5E51-3A67-8DC6-AF9CEE67C655}.MinSizeRel|x64.Build.0 = MinSizeRel|x64
		{7D29CBF6-5E51-3A67-8DC6-AF9CEE67C655}.RelWithDebInfo|x64.ActiveCfg = RelWithDebInfo|x64
		{7D29CBF6-5E51-3A67-8DC6-AF9CEE67C655}.RelWithDebInfo|x64.Build.0 = RelWithDebInfo|x64
		{D1EEBF06-B60D-3C7B-BDDE-8C44E7834B62}.Debug|x64.ActiveCfg = Debug|x64
		{D1EEBF06-B60D-3C7B-BDDE-8C44E7834B62}.Debug|x64.Build.0 = Debug|x64
		{D1EEBF06-B60D-3C7B-BDDE-8C44E7834B62}.Release|x64.ActiveCfg = Release|x64
		{D1EEBF06-B60D-3C7B-BDDE-8C44E7834B62}.Release|x64.Build.0 = Release|x64
		{D1EEBF06-B60D-3C7B-BDDE-8C44E7834B62}.MinSizeRel|x64.ActiveCfg = MinSizeRel|x64
		{D1EEBF06-B60D-3C7B-BDDE-8C44E7834B62}.MinSizeRel|x64.Build.0 = MinSizeRel|x64
		{D1EEBF06-B60D-3C7B-BDDE-8C44E7834B62}.RelWithDebInfo|x64.ActiveCfg = RelWithDebInfo|x64
		{D1EEBF06-B60D-3C7B-BDDE-8C44E7834B62}.RelWithDebInfo|x64.Build.0 = RelWithDebInfo|x64
	EndGlobalSection
	GlobalSection(NestedProjects) = preSolution
		{20A50AAC-E5CB-3FC6-A3E0-277792EC30EA} = {E99436E3-7490-3873-948A-D04A7AF80837}
		{0D21013E-F8C5-3CCB-8D2E-18A9AE9618AF} = {E99436E3-7490-3873-948A-D04A7AF80837}
		{A4FC0DAA-0F9D-3504-A77A-4B326D389218} = {E99436E3-7490-3873-948A-D04A7AF80837}
		{8A77A5C9-F29D-3981-8E9E-BB84A82159A7} = {436ACB6B-E967-346D-A98C-FB17AC7315CC}
		{57BB8EB7-A605-3B41-9281-94B70F9EBD61} = {436ACB6B-E967-346D-A98C-FB17AC7315CC}
		{8288D9BB-A600-3DD4-80C9-F80C2A28DE92} = {436ACB6B-E967-346D-A98C-FB17AC7315CC}
		{509E7841-AC13-3364-A9A2-D73005D3A75F} = {436ACB6B-E967-346D-A98C-FB17AC7315CC}
		{49B31BF9-D3C7-3FD7-B4C4-204C9A5F6373} = {436ACB6B-E967-346D-A98C-FB17AC7315CC}
		{846A0992-BA6C-3485-985B-895D53381E2F} = {8A77A5C9-F29D-3981-8E9E-BB84A82159A7}
		{A0005C53-ADC7-3543-89E5-D53C94AAE762} = {8A77A5C9-F29D-3981-8E9E-BB84A82159A7}
		{D2271279-F671-3591-9B14-A7F60E5F245E} = {8A77A5C9-F29D-3981-8E9E-BB84A82159A7}
		{7128FAB9-5C1B-3740-BA37-C1CAFF03178D} = {8A77A5C9-F29D-3981-8E9E-BB84A82159A7}
		{C9ED14D4-FC9E-3665-A28C-4CBD31FF2C06} = {8A77A5C9-F29D-3981-8E9E-BB84A82159A7}
		{63D32A82-3074-35C2-B8C6-F5198B934AB5} = {8A77A5C9-F29D-3981-8E9E-BB84A82159A7}
		{277BD2C9-0932-3FAE-A5F0-6F1D3BDF084B} = {8A77A5C9-F29D-3981-8E9E-BB84A82159A7}
		{A11A2B99-8BCB-3DB7-8904-02B9C40FE877} = {8A77A5C9-F29D-3981-8E9E-BB84A82159A7}
		{7D29CBF6-5E51-3A67-8DC6-AF9CEE67C655} = {8A77A5C9-F29D-3981-8E9E-BB84A82159A7}
		{B955E649-962A-3910-B217-E11DF638C438} = {57BB8EB7-A605-3B41-9281-94B70F9EBD61}
		{C22A6C8E-F053-3097-9370-B19A8BBC52EA} = {57BB8EB7-A605-3B41-9281-94B70F9EBD61}
		{A302B2F0-62A1-3350-9EDE-529E1CF81669} = {57BB8EB7-A605-3B41-9281-94B70F9EBD61}
		{FF5B703D-0504-3175-A1CE-4D351B0BBC44} = {57BB8EB7-A605-3B41-9281-94B70F9EBD61}
		{1A5A44E0-AB5C-3008-8EA0-B11F4012C316} = {57BB8EB7-A605-3B41-9281-94B70F9EBD61}
		{63235B3F-2158-301F-9FD7-1BEBF6C04F88} = {57BB8EB7-A605-3B41-9281-94B70F9EBD61}
		{619DDD98-D889-3D68-B376-800143866936} = {57BB8EB7-A605-3B41-9281-94B70F9EBD61}
		{CD095019-142A-3378-A6ED-18851A963F14} = {57BB8EB7-A605-3B41-9281-94B70F9EBD61}
		{C941C7F5-428B-3E10-9D9A-01DCEC6E3F24} = {57BB8EB7-A605-3B41-9281-94B70F9EBD61}
		{1EA6F595-C87E-338F-B1F2-5CAF41809299} = {57BB8EB7-A605-3B41-9281-94B70F9EBD61}
		{A05EF39D-656F-3135-ACAD-1F2DD16D5ADB} = {57BB8EB7-A605-3B41-9281-94B70F9EBD61}
		{DDC7ED4C-9E29-390D-B612-98F81B2374FA} = {57BB8EB7-A605-3B41-9281-94B70F9EBD61}
		{ADE76409-513D-3764-8C6B-CC4C9D1574F8} = {57BB8EB7-A605-3B41-9281-94B70F9EBD61}
		{248B2A07-DE45-3724-88B8-0309E1BE3440} = {57BB8EB7-A605-3B41-9281-94B70F9EBD61}
		{143A1CE5-6A71-3B83-8B33-DA035EC90F04} = {57BB8EB7-A605-3B41-9281-94B70F9EBD61}
		{7C278B63-D113-32EC-A9BB-47FDF0D5D0E3} = {57BB8EB7-A605-3B41-9281-94B70F9EBD61}
		{BEBFB1D4-0AB5-3A19-87E7-02484E65CEB7} = {57BB8EB7-A605-3B41-9281-94B70F9EBD61}
		{3766E086-D72E-3E5F-AF71-A597235204D8} = {57BB8EB7-A605-3B41-9281-94B70F9EBD61}
		{1F4D1FFC-5573-311F-997A-AD81BF86940B} = {57BB8EB7-A605-3B41-9281-94B70F9EBD61}
		{D1EEBF06-B60D-3C7B-BDDE-8C44E7834B62} = {57BB8EB7-A605-3B41-9281-94B70F9EBD61}
	EndGlobalSection
	GlobalSection(ExtensibilityGlobals) = postSolution
		SolutionGuid = {5F800FB8-FCF3-3B81-87C8-A2A147F2B6D1}
	EndGlobalSection
	GlobalSection(ExtensibilityAddIns) = postSolution
	EndGlobalSection
EndGlobal
